// !$*UTF8*$!
{
	archiveVersion = 1;
	classes = {
	};
	objectVersion = 46;
	objects = {

/* Begin PBXAggregateTarget section */
		058A01D9F4074D7D8985BCC5 /* RUN_TESTS */ = {
			isa = PBXAggregateTarget;
			buildConfigurationList = 0192C67423FF4719B12E2C70 /* Build configuration list for PBXAggregateTarget "RUN_TESTS" */;
			buildPhases = (
				B6A82CBD59914C418442CD8B /* CMake PostBuild Rules */,
			);
			dependencies = (
			);
			name = RUN_TESTS;
			productName = RUN_TESTS;
		};
		204DE0D195C04140B585EFB3 /* package */ = {
			isa = PBXAggregateTarget;
			buildConfigurationList = 7C2B00CA8BFA4237A9D62826 /* Build configuration list for PBXAggregateTarget "package" */;
			buildPhases = (
				AAB123D747E94213B79AFA2F /* CMake PostBuild Rules */,
			);
			dependencies = (
				4CB719140DEC40A3BA533E71 /* PBXTargetDependency */,
			);
			name = package;
			productName = package;
		};
		60923786C9B5468F9097DC6F /* ZERO_CHECK */ = {
			isa = PBXAggregateTarget;
			buildConfigurationList = D49CE9BE79C14E2FA9DC8BEC /* Build configuration list for PBXAggregateTarget "ZERO_CHECK" */;
			buildPhases = (
				1722754292AF44119D500FED /* CMake Rules */,
			);
			dependencies = (
			);
			name = ZERO_CHECK;
			productName = ZERO_CHECK;
		};
		87C038C410C34E9394FD9D15 /* ALL_BUILD */ = {
			isa = PBXAggregateTarget;
			buildConfigurationList = BBF86EC6174F4B8CBFDFC200 /* Build configuration list for PBXAggregateTarget "ALL_BUILD" */;
			buildPhases = (
				6AA3A455FE234D2590E08CE6 /* CMake Rules */,
			);
			dependencies = (
				ED15A672EB664243AA674A8B /* PBXTargetDependency */,
				5E0C603694CA4C229D882D1F /* PBXTargetDependency */,
			);
			name = ALL_BUILD;
			productName = ALL_BUILD;
		};
		C4F85BD133B84E23BDED8575 /* install */ = {
			isa = PBXAggregateTarget;
			buildConfigurationList = 13D46D7AF2AA455285F92314 /* Build configuration list for PBXAggregateTarget "install" */;
			buildPhases = (
				D09A6BE6F502470D9E8C10EB /* CMake PostBuild Rules */,
			);
			dependencies = (
				825FCFC1B1A64671B4F98C15 /* PBXTargetDependency */,
			);
			name = install;
			productName = install;
		};
/* End PBXAggregateTarget section */

/* Begin PBXBuildFile section */
		44791155E791433A8CAD4767 /* /Users/nan/src/mysql-ios/mysql/extra/icu/source/stubdata/CMakeLists.txt */ = {isa = PBXBuildFile; fileRef = 63971B6FB6224FDF81547888 /* /Users/nan/src/mysql-ios/mysql/extra/icu/source/stubdata/CMakeLists.txt */; };
		637BECCF15564B9E9429DEFD /* /Users/nan/src/mysql-ios/mysql/extra/icu/source/stubdata/stubdata.cpp */ = {isa = PBXBuildFile; fileRef = 4A7782C1B83646199F2C355C /* /Users/nan/src/mysql-ios/mysql/extra/icu/source/stubdata/stubdata.cpp */; };
/* End PBXBuildFile section */

/* Begin PBXBuildStyle section */
		3F19BCD08DB74FEF9330DF98 /* RelWithDebInfo */ = {
			isa = PBXBuildStyle;
			buildSettings = {
				COPY_PHASE_STRIP = NO;
			};
			name = RelWithDebInfo;
		};
		480680A0EC9247249E6EC7A9 /* Release */ = {
			isa = PBXBuildStyle;
			buildSettings = {
				COPY_PHASE_STRIP = NO;
			};
			name = Release;
		};
		565D8475FB4E4D748CA1AA25 /* MinSizeRel */ = {
			isa = PBXBuildStyle;
			buildSettings = {
				COPY_PHASE_STRIP = NO;
			};
			name = MinSizeRel;
		};
		96D21B706BF84980AAB696E7 /* Debug */ = {
			isa = PBXBuildStyle;
			buildSettings = {
				COPY_PHASE_STRIP = NO;
			};
			name = Debug;
		};
/* End PBXBuildStyle section */

/* Begin PBXContainerItemProxy section */
		385CC38CD4404470829A75D6 /* PBXContainerItemProxy */ = {
			isa = PBXContainerItemProxy;
			containerPortal = 3F1C8B11EB0347CCADF899AA /* Project object */;
			proxyType = 1;
			remoteGlobalIDString = 87C038C410C34E9394FD9D15;
			remoteInfo = ALL_BUILD;
		};
		6BF19137CB654E4C88A9E9F3 /* PBXContainerItemProxy */ = {
			isa = PBXContainerItemProxy;
			containerPortal = 3F1C8B11EB0347CCADF899AA /* Project object */;
			proxyType = 1;
			remoteGlobalIDString = 60923786C9B5468F9097DC6F;
			remoteInfo = ZERO_CHECK;
		};
		77045B53BBA94684811E9D86 /* PBXContainerItemProxy */ = {
			isa = PBXContainerItemProxy;
			containerPortal = 3F1C8B11EB0347CCADF899AA /* Project object */;
			proxyType = 1;
			remoteGlobalIDString = 60923786C9B5468F9097DC6F;
			remoteInfo = ZERO_CHECK;
		};
		7AD867EC6C8D484EB6D8BC3F /* PBXContainerItemProxy */ = {
			isa = PBXContainerItemProxy;
			containerPortal = 3F1C8B11EB0347CCADF899AA /* Project object */;
			proxyType = 1;
			remoteGlobalIDString = 87C038C410C34E9394FD9D15;
			remoteInfo = ALL_BUILD;
		};
		F568416DB5D947C0BFFE78F4 /* PBXContainerItemProxy */ = {
			isa = PBXContainerItemProxy;
			containerPortal = 3F1C8B11EB0347CCADF899AA /* Project object */;
			proxyType = 1;
			remoteGlobalIDString = FBE73821F927449BBDDB98DE;
			remoteInfo = icustubdata;
		};
/* End PBXContainerItemProxy section */

/* Begin PBXFileReference section */
		4A7782C1B83646199F2C355C /* /Users/nan/src/mysql-ios/mysql/extra/icu/source/stubdata/stubdata.cpp */ = {isa = PBXFileReference; explicitFileType = sourcecode.cpp.cpp; fileEncoding = 4; name = stubdata.cpp; path = stubdata.cpp; sourceTree = SOURCE_ROOT; };
		63971B6FB6224FDF81547888 /* /Users/nan/src/mysql-ios/mysql/extra/icu/source/stubdata/CMakeLists.txt */ = {isa = PBXFileReference; explicitFileType = sourcecode.text; fileEncoding = 4; name = CMakeLists.txt; path = CMakeLists.txt; sourceTree = SOURCE_ROOT; };
		AD3DF1A995DA4753AA076FBB /* icustubdata */ = {isa = PBXFileReference; explicitFileType = archive.ar; path = libicustubdata.a; sourceTree = BUILT_PRODUCTS_DIR; };
		DB4BB4EE252A4E39B16488D9 /* /Users/nan/src/mysql-ios/mysql/extra/icu/source/stubdata/CMakeLists.txt */ = {isa = PBXFileReference; explicitFileType = sourcecode.text; fileEncoding = 4; name = CMakeLists.txt; path = CMakeLists.txt; sourceTree = SOURCE_ROOT; };
/* End PBXFileReference section */

/* Begin PBXGroup section */
		048BF3B63A7B4A2E9BE4A287 /* icustubdata */ = {
			isa = PBXGroup;
			children = (
				AF3A8DE8EACC4D379CFABA21 /* Source Files */,
				63971B6FB6224FDF81547888 /* /Users/nan/src/mysql-ios/mysql/extra/icu/source/stubdata/CMakeLists.txt */,
			);
			name = icustubdata;
			sourceTree = "<group>";
		};
		1F0B8FF5B0514DE1BF8C2FBF /* CMake Rules */ = {
			isa = PBXGroup;
			children = (
			);
			name = "CMake Rules";
			sourceTree = "<group>";
		};
		5CCA067815B84D799B404FAB /* ALL_BUILD */ = {
			isa = PBXGroup;
			children = (
				1F0B8FF5B0514DE1BF8C2FBF /* CMake Rules */,
				DB4BB4EE252A4E39B16488D9 /* /Users/nan/src/mysql-ios/mysql/extra/icu/source/stubdata/CMakeLists.txt */,
			);
			name = ALL_BUILD;
			sourceTree = "<group>";
		};
		7E4B516D12E046478BAE5F5A = {
			isa = PBXGroup;
			children = (
				048BF3B63A7B4A2E9BE4A287 /* icustubdata */,
				5CCA067815B84D799B404FAB /* ALL_BUILD */,
				E550C601CF4343CBB0DD9309 /* Products */,
			);
			sourceTree = "<group>";
		};
		AF3A8DE8EACC4D379CFABA21 /* Source Files */ = {
			isa = PBXGroup;
			children = (
				4A7782C1B83646199F2C355C /* /Users/nan/src/mysql-ios/mysql/extra/icu/source/stubdata/stubdata.cpp */,
			);
			name = "Source Files";
			sourceTree = "<group>";
		};
		E550C601CF4343CBB0DD9309 /* Products */ = {
			isa = PBXGroup;
			children = (
				AD3DF1A995DA4753AA076FBB /* icustubdata */,
			);
			name = Products;
			sourceTree = "<group>";
		};
/* End PBXGroup section */

/* Begin PBXNativeTarget section */
		FBE73821F927449BBDDB98DE /* icustubdata */ = {
			isa = PBXNativeTarget;
			buildConfigurationList = 60066116982B44F4AC86614C /* Build configuration list for PBXNativeTarget "icustubdata" */;
			buildPhases = (
				8072442BC0BE4983B31D4D68 /* Sources */,
			);
			buildRules = (
			);
			dependencies = (
				D9D0D996FD6A490CB1705BF6 /* PBXTargetDependency */,
			);
			name = icustubdata;
			productName = icustubdata;
			productReference = AD3DF1A995DA4753AA076FBB /* icustubdata */;
			productType = "com.apple.product-type.library.static";
		};
/* End PBXNativeTarget section */

/* Begin PBXProject section */
		3F1C8B11EB0347CCADF899AA /* Project object */ = {
			isa = PBXProject;
			attributes = {
				BuildIndependentTargetsInParallel = YES;
				LastUpgradeCheck = 1000;
			};
			buildConfigurationList = 51C43D7A2E2C4DCB8D58E9FD /* Build configuration list for PBXProject "ICU-stubdata" */;
			buildSettings = {
			};
			buildStyles = (
				96D21B706BF84980AAB696E7 /* Debug */,
				480680A0EC9247249E6EC7A9 /* Release */,
				565D8475FB4E4D748CA1AA25 /* MinSizeRel */,
				3F19BCD08DB74FEF9330DF98 /* RelWithDebInfo */,
			);
			compatibilityVersion = "Xcode 3.2";
			hasScannedForEncodings = 0;
			mainGroup = 7E4B516D12E046478BAE5F5A;
			projectDirPath = "/Users/nan/src/mysql-ios/mysql/extra/icu/source/stubdata";
			projectRoot = "";
			targets = (
				87C038C410C34E9394FD9D15 /* ALL_BUILD */,
				058A01D9F4074D7D8985BCC5 /* RUN_TESTS */,
				60923786C9B5468F9097DC6F /* ZERO_CHECK */,
				FBE73821F927449BBDDB98DE /* icustubdata */,
				C4F85BD133B84E23BDED8575 /* install */,
				204DE0D195C04140B585EFB3 /* package */,
			);
		};
/* End PBXProject section */

/* Begin PBXShellScriptBuildPhase section */
		1722754292AF44119D500FED /* CMake Rules */ = {
			isa = PBXShellScriptBuildPhase;
			buildActionMask = 2147483647;
			files = (
			);
			name = "CMake Rules";
			runOnlyForDeploymentPostprocessing = 0;
			shellPath = /bin/sh;
			shellScript = "make -C /Users/nan/src/mysql-ios/build_ios/extra/icu/source/stubdata -f /Users/nan/src/mysql-ios/build_ios/extra/icu/source/stubdata/CMakeScripts/ZERO_CHECK_cmakeRulesBuildPhase.make$CONFIGURATION all";
			showEnvVarsInLog = 0;
		};
		225FE0D3D607482B8CB4F7D5 = {
			isa = PBXShellScriptBuildPhase;
			buildActionMask = 2147483647;
			files = (
			);
			inputPaths = (
			);
			outputPaths = (
			);
			runOnlyForDeploymentPostprocessing = 0;
			shellPath = /bin/sh;
			shellScript = "# shell script goes here
exit 0";
			showEnvVarsInLog = 0;
		};
		2BE9B45A12994AB4B05C0FB7 = {
			isa = PBXShellScriptBuildPhase;
			buildActionMask = 2147483647;
			files = (
			);
			inputPaths = (
			);
			outputPaths = (
			);
			runOnlyForDeploymentPostprocessing = 0;
			shellPath = /bin/sh;
			shellScript = "# shell script goes here
exit 0";
			showEnvVarsInLog = 0;
		};
		6AA3A455FE234D2590E08CE6 /* CMake Rules */ = {
			isa = PBXShellScriptBuildPhase;
			buildActionMask = 2147483647;
			files = (
			);
			name = "CMake Rules";
			runOnlyForDeploymentPostprocessing = 0;
			shellPath = /bin/sh;
			shellScript = "make -C /Users/nan/src/mysql-ios/build_ios/extra/icu/source/stubdata -f /Users/nan/src/mysql-ios/build_ios/extra/icu/source/stubdata/CMakeScripts/ALL_BUILD_cmakeRulesBuildPhase.make$CONFIGURATION all";
			showEnvVarsInLog = 0;
		};
		8466931BF4A04559B88C8FC8 = {
			isa = PBXShellScriptBuildPhase;
			buildActionMask = 2147483647;
			files = (
			);
			inputPaths = (
			);
			outputPaths = (
			);
			runOnlyForDeploymentPostprocessing = 0;
			shellPath = /bin/sh;
			shellScript = "# shell script goes here
exit 0";
			showEnvVarsInLog = 0;
		};
		AAB123D747E94213B79AFA2F /* CMake PostBuild Rules */ = {
			isa = PBXShellScriptBuildPhase;
			buildActionMask = 2147483647;
			files = (
			);
			name = "CMake PostBuild Rules";
			runOnlyForDeploymentPostprocessing = 0;
			shellPath = /bin/sh;
			shellScript = "make -C /Users/nan/src/mysql-ios/build_ios/extra/icu/source/stubdata -f /Users/nan/src/mysql-ios/build_ios/extra/icu/source/stubdata/CMakeScripts/package_postBuildPhase.make$CONFIGURATION all";
			showEnvVarsInLog = 0;
		};
		B6A82CBD59914C418442CD8B /* CMake PostBuild Rules */ = {
			isa = PBXShellScriptBuildPhase;
			buildActionMask = 2147483647;
			files = (
			);
			name = "CMake PostBuild Rules";
			runOnlyForDeploymentPostprocessing = 0;
			shellPath = /bin/sh;
			shellScript = "make -C /Users/nan/src/mysql-ios/build_ios/extra/icu/source/stubdata -f /Users/nan/src/mysql-ios/build_ios/extra/icu/source/stubdata/CMakeScripts/RUN_TESTS_postBuildPhase.make$CONFIGURATION all";
			showEnvVarsInLog = 0;
		};
		B8DF8CADF4BA447B83692641 = {
			isa = PBXShellScriptBuildPhase;
			buildActionMask = 2147483647;
			files = (
			);
			inputPaths = (
			);
			outputPaths = (
			);
			runOnlyForDeploymentPostprocessing = 0;
			shellPath = /bin/sh;
			shellScript = "# shell script goes here
exit 0";
			showEnvVarsInLog = 0;
		};
		D09A6BE6F502470D9E8C10EB /* CMake PostBuild Rules */ = {
			isa = PBXShellScriptBuildPhase;
			buildActionMask = 2147483647;
			files = (
			);
			name = "CMake PostBuild Rules";
			runOnlyForDeploymentPostprocessing = 0;
			shellPath = /bin/sh;
			shellScript = "make -C /Users/nan/src/mysql-ios/build_ios/extra/icu/source/stubdata -f /Users/nan/src/mysql-ios/build_ios/extra/icu/source/stubdata/CMakeScripts/install_postBuildPhase.make$CONFIGURATION all";
			showEnvVarsInLog = 0;
		};
		F0CD8144EF834BB18C2BD9D2 = {
			isa = PBXShellScriptBuildPhase;
			buildActionMask = 2147483647;
			files = (
			);
			inputPaths = (
			);
			outputPaths = (
			);
			runOnlyForDeploymentPostprocessing = 0;
			shellPath = /bin/sh;
			shellScript = "# shell script goes here
exit 0";
			showEnvVarsInLog = 0;
		};
/* End PBXShellScriptBuildPhase section */

/* Begin PBXSourcesBuildPhase section */
		8072442BC0BE4983B31D4D68 /* Sources */ = {
			isa = PBXSourcesBuildPhase;
			buildActionMask = 2147483647;
			files = (
				637BECCF15564B9E9429DEFD /* /Users/nan/src/mysql-ios/mysql/extra/icu/source/stubdata/stubdata.cpp */,
			);
			runOnlyForDeploymentPostprocessing = 0;
		};
/* End PBXSourcesBuildPhase section */

/* Begin PBXTargetDependency section */
		4CB719140DEC40A3BA533E71 /* PBXTargetDependency */ = {
			isa = PBXTargetDependency;
			target = 87C038C410C34E9394FD9D15 /* ALL_BUILD */;
			targetProxy = 7AD867EC6C8D484EB6D8BC3F /* PBXContainerItemProxy */;
		};
		5E0C603694CA4C229D882D1F /* PBXTargetDependency */ = {
			isa = PBXTargetDependency;
			target = 60923786C9B5468F9097DC6F /* ZERO_CHECK */;
			targetProxy = 77045B53BBA94684811E9D86 /* PBXContainerItemProxy */;
		};
		825FCFC1B1A64671B4F98C15 /* PBXTargetDependency */ = {
			isa = PBXTargetDependency;
			target = 87C038C410C34E9394FD9D15 /* ALL_BUILD */;
			targetProxy = 385CC38CD4404470829A75D6 /* PBXContainerItemProxy */;
		};
		D9D0D996FD6A490CB1705BF6 /* PBXTargetDependency */ = {
			isa = PBXTargetDependency;
			target = 60923786C9B5468F9097DC6F /* ZERO_CHECK */;
			targetProxy = 6BF19137CB654E4C88A9E9F3 /* PBXContainerItemProxy */;
		};
		ED15A672EB664243AA674A8B /* PBXTargetDependency */ = {
			isa = PBXTargetDependency;
			target = FBE73821F927449BBDDB98DE /* icustubdata */;
			targetProxy = F568416DB5D947C0BFFE78F4 /* PBXContainerItemProxy */;
		};
/* End PBXTargetDependency section */

/* Begin XCBuildConfiguration section */
		08EA653657CE436090632008 /* Debug */ = {
			isa = XCBuildConfiguration;
			buildSettings = {
				MACOSX_DEPLOYMENT_TARGET = 10.13;
				ONLY_ACTIVE_ARCH = YES;
				SDKROOT = "/Applications/Xcode-beta.app/Contents/Developer/Platforms/MacOSX.platform/Developer/SDKs/MacOSX10.14.sdk";
				SYMROOT = "/Users/nan/src/mysql-ios/build_ios/extra/icu/source/stubdata/build";
			};
			name = Debug;
		};
		0FD9257D92B74181A822E26E /* RelWithDebInfo */ = {
			isa = XCBuildConfiguration;
			buildSettings = {
				MACOSX_DEPLOYMENT_TARGET = 10.13;
				ONLY_ACTIVE_ARCH = YES;
				SDKROOT = "/Applications/Xcode-beta.app/Contents/Developer/Platforms/MacOSX.platform/Developer/SDKs/MacOSX10.14.sdk";
				SYMROOT = "/Users/nan/src/mysql-ios/build_ios/extra/icu/source/stubdata/build";
			};
			name = RelWithDebInfo;
		};
		2F276508FDD641A1A6A2E980 /* MinSizeRel */ = {
			isa = XCBuildConfiguration;
			buildSettings = {
				COMBINE_HIDPI_IMAGES = YES;
				GCC_GENERATE_DEBUGGING_SYMBOLS = YES;
				GCC_INLINES_ARE_PRIVATE_EXTERN = NO;
				GCC_OPTIMIZATION_LEVEL = 0;
				GCC_PREPROCESSOR_DEFINITIONS = ("'CMAKE_INTDIR=\"$(CONFIGURATION)$(EFFECTIVE_PLATFORM_NAME)\"'");
				GCC_SYMBOLS_PRIVATE_EXTERN = NO;
				INSTALL_PATH = "";
				OTHER_LDFLAGS = " ";
				OTHER_REZFLAGS = "";
				PRODUCT_NAME = install;
				SECTORDER_FLAGS = "";
				SYMROOT = "/Users/nan/src/mysql-ios/build_ios/extra/icu/source/stubdata";
				USE_HEADERMAP = NO;
				WARNING_CFLAGS = ("-Wmost","-Wno-four-char-constants","-Wno-unknown-pragmas","$(inherited)");
			};
			name = MinSizeRel;
		};
		2F766B7697F7472BB348BB3B /* Release */ = {
			isa = XCBuildConfiguration;
			buildSettings = {
				COMBINE_HIDPI_IMAGES = YES;
				GCC_GENERATE_DEBUGGING_SYMBOLS = YES;
				GCC_INLINES_ARE_PRIVATE_EXTERN = NO;
				GCC_OPTIMIZATION_LEVEL = 0;
				GCC_PREPROCESSOR_DEFINITIONS = ("'CMAKE_INTDIR=\"$(CONFIGURATION)$(EFFECTIVE_PLATFORM_NAME)\"'");
				GCC_SYMBOLS_PRIVATE_EXTERN = NO;
				INSTALL_PATH = "";
				OTHER_LDFLAGS = " ";
				OTHER_REZFLAGS = "";
				PRODUCT_NAME = install;
				SECTORDER_FLAGS = "";
				SYMROOT = "/Users/nan/src/mysql-ios/build_ios/extra/icu/source/stubdata";
				USE_HEADERMAP = NO;
				WARNING_CFLAGS = ("-Wmost","-Wno-four-char-constants","-Wno-unknown-pragmas","$(inherited)");
			};
			name = Release;
		};
		3053610EE6734C39BFE5E8C6 /* Debug */ = {
			isa = XCBuildConfiguration;
			buildSettings = {
				COMBINE_HIDPI_IMAGES = YES;
				GCC_GENERATE_DEBUGGING_SYMBOLS = YES;
				GCC_INLINES_ARE_PRIVATE_EXTERN = NO;
				GCC_OPTIMIZATION_LEVEL = 0;
				GCC_PREPROCESSOR_DEFINITIONS = ("'CMAKE_INTDIR=\"$(CONFIGURATION)$(EFFECTIVE_PLATFORM_NAME)\"'");
				GCC_SYMBOLS_PRIVATE_EXTERN = NO;
				INSTALL_PATH = "";
				OTHER_LDFLAGS = " ";
				OTHER_REZFLAGS = "";
				PRODUCT_NAME = ZERO_CHECK;
				SECTORDER_FLAGS = "";
				SYMROOT = "/Users/nan/src/mysql-ios/build_ios/extra/icu/source/stubdata";
				USE_HEADERMAP = NO;
				WARNING_CFLAGS = ("-Wmost","-Wno-four-char-constants","-Wno-unknown-pragmas","$(inherited)");
			};
			name = Debug;
		};
		31227037E1284CD5B66DA6E8 /* MinSizeRel */ = {
			isa = XCBuildConfiguration;
			buildSettings = {
				COMBINE_HIDPI_IMAGES = YES;
				EXECUTABLE_PREFIX = lib;
				EXECUTABLE_SUFFIX = .a;
				GCC_GENERATE_DEBUGGING_SYMBOLS = NO;
				GCC_INLINES_ARE_PRIVATE_EXTERN = NO;
				GCC_OPTIMIZATION_LEVEL = s;
				GCC_PREPROCESSOR_DEFINITIONS = ("'CMAKE_INTDIR=\"$(CONFIGURATION)$(EFFECTIVE_PLATFORM_NAME)\"'",HAVE_CONFIG_H,HAVE_OPENSSL,RAPIDJSON_NO_SIZETYPEDEFINE,__STDC_LIMIT_MACROS,__STDC_FORMAT_MACROS,_USE_MATH_DEFINES,HAVE_LIBEVENT1,"'UNISTR_FROM_STRING_EXPLICIT=explicit'","'UNISTR_FROM_CHAR_EXPLICIT=explicit'");
				GCC_SYMBOLS_PRIVATE_EXTERN = NO;
				HEADER_SEARCH_PATHS = ("/Users/nan/src/mysql-ios/mysql/extra/icu/source/stubdata/../common");
				INSTALL_PATH = "";
				LIBRARY_STYLE = STATIC;
				OTHER_CPLUSPLUSFLAGS = "    -DNDEBUG -DDBUG_OFF  ";
				OTHER_LIBTOOLFLAGS = " ";
				OTHER_REZFLAGS = "";
				PRODUCT_NAME = icustubdata;
				SECTORDER_FLAGS = "";
				SYMROOT = "/Users/nan/src/mysql-ios/build_ios/extra/icu/source/stubdata";
				USE_HEADERMAP = NO;
				WARNING_CFLAGS = ("-Wmost","-Wno-four-char-constants","-Wno-unknown-pragmas","$(inherited)");
			};
			name = MinSizeRel;
		};
		35A65634C38D416597A7C20D /* Release */ = {
			isa = XCBuildConfiguration;
			buildSettings = {
				COMBINE_HIDPI_IMAGES = YES;
				EXECUTABLE_PREFIX = lib;
				EXECUTABLE_SUFFIX = .a;
				GCC_GENERATE_DEBUGGING_SYMBOLS = NO;
				GCC_INLINES_ARE_PRIVATE_EXTERN = NO;
				GCC_OPTIMIZATION_LEVEL = 3;
				GCC_PREPROCESSOR_DEFINITIONS = ("'CMAKE_INTDIR=\"$(CONFIGURATION)$(EFFECTIVE_PLATFORM_NAME)\"'",HAVE_CONFIG_H,HAVE_OPENSSL,RAPIDJSON_NO_SIZETYPEDEFINE,__STDC_LIMIT_MACROS,__STDC_FORMAT_MACROS,_USE_MATH_DEFINES,HAVE_LIBEVENT1,"'UNISTR_FROM_STRING_EXPLICIT=explicit'","'UNISTR_FROM_CHAR_EXPLICIT=explicit'");
				GCC_SYMBOLS_PRIVATE_EXTERN = NO;
				HEADER_SEARCH_PATHS = ("/Users/nan/src/mysql-ios/mysql/extra/icu/source/stubdata/../common");
				INSTALL_PATH = "";
				LIBRARY_STYLE = STATIC;
				OTHER_CPLUSPLUSFLAGS = "    -DNDEBUG -std=c++11  -DDBUG_OFF  ";
				OTHER_LIBTOOLFLAGS = " ";
				OTHER_REZFLAGS = "";
				PRODUCT_NAME = icustubdata;
				SECTORDER_FLAGS = "";
				SYMROOT = "/Users/nan/src/mysql-ios/build_ios/extra/icu/source/stubdata";
				USE_HEADERMAP = NO;
				WARNING_CFLAGS = ("-Wmost","-Wno-four-char-constants","-Wno-unknown-pragmas","$(inherited)");
			};
			name = Release;
		};
		3E500E621AA843958F8C1CD9 /* MinSizeRel */ = {
			isa = XCBuildConfiguration;
			buildSettings = {
				COMBINE_HIDPI_IMAGES = YES;
				GCC_GENERATE_DEBUGGING_SYMBOLS = YES;
				GCC_INLINES_ARE_PRIVATE_EXTERN = NO;
				GCC_OPTIMIZATION_LEVEL = 0;
				GCC_PREPROCESSOR_DEFINITIONS = ("'CMAKE_INTDIR=\"$(CONFIGURATION)$(EFFECTIVE_PLATFORM_NAME)\"'");
				GCC_SYMBOLS_PRIVATE_EXTERN = NO;
				INSTALL_PATH = "";
				OTHER_LDFLAGS = " ";
				OTHER_REZFLAGS = "";
				PRODUCT_NAME = package;
				SECTORDER_FLAGS = "";
				SYMROOT = "/Users/nan/src/mysql-ios/build_ios/extra/icu/source/stubdata";
				USE_HEADERMAP = NO;
				WARNING_CFLAGS = ("-Wmost","-Wno-four-char-constants","-Wno-unknown-pragmas","$(inherited)");
			};
			name = MinSizeRel;
		};
		45A8F532341D41DD90D87B00 /* Release */ = {
			isa = XCBuildConfiguration;
			buildSettings = {
				COMBINE_HIDPI_IMAGES = YES;
				GCC_GENERATE_DEBUGGING_SYMBOLS = YES;
				GCC_INLINES_ARE_PRIVATE_EXTERN = NO;
				GCC_OPTIMIZATION_LEVEL = 0;
				GCC_PREPROCESSOR_DEFINITIONS = ("'CMAKE_INTDIR=\"$(CONFIGURATION)$(EFFECTIVE_PLATFORM_NAME)\"'");
				GCC_SYMBOLS_PRIVATE_EXTERN = NO;
				INSTALL_PATH = "";
				OTHER_LDFLAGS = " ";
				OTHER_REZFLAGS = "";
				PRODUCT_NAME = RUN_TESTS;
				SECTORDER_FLAGS = "";
				SYMROOT = "/Users/nan/src/mysql-ios/build_ios/extra/icu/source/stubdata";
				USE_HEADERMAP = NO;
				WARNING_CFLAGS = ("-Wmost","-Wno-four-char-constants","-Wno-unknown-pragmas","$(inherited)");
			};
			name = Release;
		};
		48A4DDF12E3249FF904F7465 /* RelWithDebInfo */ = {
			isa = XCBuildConfiguration;
			buildSettings = {
				COMBINE_HIDPI_IMAGES = YES;
				GCC_GENERATE_DEBUGGING_SYMBOLS = YES;
				GCC_INLINES_ARE_PRIVATE_EXTERN = NO;
				GCC_OPTIMIZATION_LEVEL = 0;
				GCC_PREPROCESSOR_DEFINITIONS = ("'CMAKE_INTDIR=\"$(CONFIGURATION)$(EFFECTIVE_PLATFORM_NAME)\"'");
				GCC_SYMBOLS_PRIVATE_EXTERN = NO;
				INSTALL_PATH = "";
				OTHER_LDFLAGS = " ";
				OTHER_REZFLAGS = "";
				PRODUCT_NAME = install;
				SECTORDER_FLAGS = "";
				SYMROOT = "/Users/nan/src/mysql-ios/build_ios/extra/icu/source/stubdata";
				USE_HEADERMAP = NO;
				WARNING_CFLAGS = ("-Wmost","-Wno-four-char-constants","-Wno-unknown-pragmas","$(inherited)");
			};
			name = RelWithDebInfo;
		};
		5B06665A7C7A42968CE25D36 /* Release */ = {
			isa = XCBuildConfiguration;
			buildSettings = {
				COMBINE_HIDPI_IMAGES = YES;
				GCC_GENERATE_DEBUGGING_SYMBOLS = YES;
				GCC_INLINES_ARE_PRIVATE_EXTERN = NO;
				GCC_OPTIMIZATION_LEVEL = 0;
				GCC_PREPROCESSOR_DEFINITIONS = ("'CMAKE_INTDIR=\"$(CONFIGURATION)$(EFFECTIVE_PLATFORM_NAME)\"'");
				GCC_SYMBOLS_PRIVATE_EXTERN = NO;
				INSTALL_PATH = "";
				OTHER_LDFLAGS = " ";
				OTHER_REZFLAGS = "";
				PRODUCT_NAME = package;
				SECTORDER_FLAGS = "";
				SYMROOT = "/Users/nan/src/mysql-ios/build_ios/extra/icu/source/stubdata";
				USE_HEADERMAP = NO;
				WARNING_CFLAGS = ("-Wmost","-Wno-four-char-constants","-Wno-unknown-pragmas","$(inherited)");
			};
			name = Release;
		};
		6DBAC4F0A874481694A348F6 /* Release */ = {
			isa = XCBuildConfiguration;
			buildSettings = {
				COMBINE_HIDPI_IMAGES = YES;
				GCC_GENERATE_DEBUGGING_SYMBOLS = YES;
				GCC_INLINES_ARE_PRIVATE_EXTERN = NO;
				GCC_OPTIMIZATION_LEVEL = 0;
				GCC_PREPROCESSOR_DEFINITIONS = ("'CMAKE_INTDIR=\"$(CONFIGURATION)$(EFFECTIVE_PLATFORM_NAME)\"'");
				GCC_SYMBOLS_PRIVATE_EXTERN = NO;
				INSTALL_PATH = "";
				OTHER_LDFLAGS = " ";
				OTHER_REZFLAGS = "";
				PRODUCT_NAME = ALL_BUILD;
				SECTORDER_FLAGS = "";
				SYMROOT = "/Users/nan/src/mysql-ios/build_ios/extra/icu/source/stubdata";
				USE_HEADERMAP = NO;
				WARNING_CFLAGS = ("-Wmost","-Wno-four-char-constants","-Wno-unknown-pragmas","$(inherited)");
			};
			name = Release;
		};
		74486DE6665043BBBD75DE62 /* Debug */ = {
			isa = XCBuildConfiguration;
			buildSettings = {
				COMBINE_HIDPI_IMAGES = YES;
				GCC_GENERATE_DEBUGGING_SYMBOLS = YES;
				GCC_INLINES_ARE_PRIVATE_EXTERN = NO;
				GCC_OPTIMIZATION_LEVEL = 0;
				GCC_PREPROCESSOR_DEFINITIONS = ("'CMAKE_INTDIR=\"$(CONFIGURATION)$(EFFECTIVE_PLATFORM_NAME)\"'");
				GCC_SYMBOLS_PRIVATE_EXTERN = NO;
				INSTALL_PATH = "";
				OTHER_LDFLAGS = " ";
				OTHER_REZFLAGS = "";
				PRODUCT_NAME = RUN_TESTS;
				SECTORDER_FLAGS = "";
				SYMROOT = "/Users/nan/src/mysql-ios/build_ios/extra/icu/source/stubdata";
				USE_HEADERMAP = NO;
				WARNING_CFLAGS = ("-Wmost","-Wno-four-char-constants","-Wno-unknown-pragmas","$(inherited)");
			};
			name = Debug;
		};
		76C1E8D877174370BA7BB513 /* Release */ = {
			isa = XCBuildConfiguration;
			buildSettings = {
				COMBINE_HIDPI_IMAGES = YES;
				GCC_GENERATE_DEBUGGING_SYMBOLS = YES;
				GCC_INLINES_ARE_PRIVATE_EXTERN = NO;
				GCC_OPTIMIZATION_LEVEL = 0;
				GCC_PREPROCESSOR_DEFINITIONS = ("'CMAKE_INTDIR=\"$(CONFIGURATION)$(EFFECTIVE_PLATFORM_NAME)\"'");
				GCC_SYMBOLS_PRIVATE_EXTERN = NO;
				INSTALL_PATH = "";
				OTHER_LDFLAGS = " ";
				OTHER_REZFLAGS = "";
				PRODUCT_NAME = ZERO_CHECK;
				SECTORDER_FLAGS = "";
				SYMROOT = "/Users/nan/src/mysql-ios/build_ios/extra/icu/source/stubdata";
				USE_HEADERMAP = NO;
				WARNING_CFLAGS = ("-Wmost","-Wno-four-char-constants","-Wno-unknown-pragmas","$(inherited)");
			};
			name = Release;
		};
		8C9979295CD346188E80D92D /* Debug */ = {
			isa = XCBuildConfiguration;
			buildSettings = {
				COMBINE_HIDPI_IMAGES = YES;
				EXECUTABLE_PREFIX = lib;
				EXECUTABLE_SUFFIX = .a;
				GCC_GENERATE_DEBUGGING_SYMBOLS = YES;
				GCC_INLINES_ARE_PRIVATE_EXTERN = NO;
				GCC_OPTIMIZATION_LEVEL = 0;
				GCC_PREPROCESSOR_DEFINITIONS = ("'CMAKE_INTDIR=\"$(CONFIGURATION)$(EFFECTIVE_PLATFORM_NAME)\"'",HAVE_CONFIG_H,HAVE_OPENSSL,RAPIDJSON_NO_SIZETYPEDEFINE,__STDC_LIMIT_MACROS,__STDC_FORMAT_MACROS,_USE_MATH_DEFINES,HAVE_LIBEVENT1,"'UNISTR_FROM_STRING_EXPLICIT=explicit'","'UNISTR_FROM_CHAR_EXPLICIT=explicit'");
				GCC_SYMBOLS_PRIVATE_EXTERN = NO;
				HEADER_SEARCH_PATHS = ("/Users/nan/src/mysql-ios/mysql/extra/icu/source/stubdata/../common");
				INSTALL_PATH = "";
				LIBRARY_STYLE = STATIC;
				OTHER_CPLUSPLUSFLAGS = "-fPIC    -fno-omit-frame-pointer -std=c++11  -DENABLED_DEBUG_SYNC -DSAFE_MUTEX  ";
				OTHER_LIBTOOLFLAGS = " ";
				OTHER_REZFLAGS = "";
				PRODUCT_NAME = icustubdata;
				SECTORDER_FLAGS = "";
				SYMROOT = "/Users/nan/src/mysql-ios/build_ios/extra/icu/source/stubdata";
				USE_HEADERMAP = NO;
				WARNING_CFLAGS = ("-Wmost","-Wno-four-char-constants","-Wno-unknown-pragmas","$(inherited)");
			};
			name = Debug;
		};
		95AAF90AB62E451593546A70 /* Debug */ = {
			isa = XCBuildConfiguration;
			buildSettings = {
				COMBINE_HIDPI_IMAGES = YES;
				GCC_GENERATE_DEBUGGING_SYMBOLS = YES;
				GCC_INLINES_ARE_PRIVATE_EXTERN = NO;
				GCC_OPTIMIZATION_LEVEL = 0;
				GCC_PREPROCESSOR_DEFINITIONS = ("'CMAKE_INTDIR=\"$(CONFIGURATION)$(EFFECTIVE_PLATFORM_NAME)\"'");
				GCC_SYMBOLS_PRIVATE_EXTERN = NO;
				INSTALL_PATH = "";
				OTHER_LDFLAGS = " ";
				OTHER_REZFLAGS = "";
				PRODUCT_NAME = install;
				SECTORDER_FLAGS = "";
				SYMROOT = "/Users/nan/src/mysql-ios/build_ios/extra/icu/source/stubdata";
				USE_HEADERMAP = NO;
				WARNING_CFLAGS = ("-Wmost","-Wno-four-char-constants","-Wno-unknown-pragmas","$(inherited)");
			};
			name = Debug;
		};
		9763F7862C304871B693AB23 /* RelWithDebInfo */ = {
			isa = XCBuildConfiguration;
			buildSettings = {
				COMBINE_HIDPI_IMAGES = YES;
				GCC_GENERATE_DEBUGGING_SYMBOLS = YES;
				GCC_INLINES_ARE_PRIVATE_EXTERN = NO;
				GCC_OPTIMIZATION_LEVEL = 0;
				GCC_PREPROCESSOR_DEFINITIONS = ("'CMAKE_INTDIR=\"$(CONFIGURATION)$(EFFECTIVE_PLATFORM_NAME)\"'");
				GCC_SYMBOLS_PRIVATE_EXTERN = NO;
				INSTALL_PATH = "";
				OTHER_LDFLAGS = " ";
				OTHER_REZFLAGS = "";
				PRODUCT_NAME = package;
				SECTORDER_FLAGS = "";
				SYMROOT = "/Users/nan/src/mysql-ios/build_ios/extra/icu/source/stubdata";
				USE_HEADERMAP = NO;
				WARNING_CFLAGS = ("-Wmost","-Wno-four-char-constants","-Wno-unknown-pragmas","$(inherited)");
			};
			name = RelWithDebInfo;
		};
		9A217BE537B04514B84F6325 /* RelWithDebInfo */ = {
			isa = XCBuildConfiguration;
			buildSettings = {
				COMBINE_HIDPI_IMAGES = YES;
				EXECUTABLE_PREFIX = lib;
				EXECUTABLE_SUFFIX = .a;
				GCC_GENERATE_DEBUGGING_SYMBOLS = YES;
				GCC_INLINES_ARE_PRIVATE_EXTERN = NO;
				GCC_OPTIMIZATION_LEVEL = 2;
				GCC_PREPROCESSOR_DEFINITIONS = ("'CMAKE_INTDIR=\"$(CONFIGURATION)$(EFFECTIVE_PLATFORM_NAME)\"'",HAVE_CONFIG_H,HAVE_OPENSSL,RAPIDJSON_NO_SIZETYPEDEFINE,__STDC_LIMIT_MACROS,__STDC_FORMAT_MACROS,_USE_MATH_DEFINES,HAVE_LIBEVENT1,"'UNISTR_FROM_STRING_EXPLICIT=explicit'","'UNISTR_FROM_CHAR_EXPLICIT=explicit'");
				GCC_SYMBOLS_PRIVATE_EXTERN = NO;
				HEADER_SEARCH_PATHS = ("/Users/nan/src/mysql-ios/mysql/extra/icu/source/stubdata/../common");
				INSTALL_PATH = "";
				LIBRARY_STYLE = STATIC;
				OTHER_CPLUSPLUSFLAGS = "    -ffunction-sections -fdata-sections -fPIC    -fno-omit-frame-pointer -std=c++11  -DDBUG_OFF  ";
				OTHER_LIBTOOLFLAGS = " ";
				OTHER_REZFLAGS = "";
				PRODUCT_NAME = icustubdata;
				SECTORDER_FLAGS = "";
				SYMROOT = "/Users/nan/src/mysql-ios/build_ios/extra/icu/source/stubdata";
				USE_HEADERMAP = NO;
				WARNING_CFLAGS = ("-Wmost","-Wno-four-char-constants","-Wno-unknown-pragmas","$(inherited)");
			};
			name = RelWithDebInfo;
		};
		B46165C833F04F40881F97FD /* Debug */ = {
			isa = XCBuildConfiguration;
			buildSettings = {
				COMBINE_HIDPI_IMAGES = YES;
				GCC_GENERATE_DEBUGGING_SYMBOLS = YES;
				GCC_INLINES_ARE_PRIVATE_EXTERN = NO;
				GCC_OPTIMIZATION_LEVEL = 0;
				GCC_PREPROCESSOR_DEFINITIONS = ("'CMAKE_INTDIR=\"$(CONFIGURATION)$(EFFECTIVE_PLATFORM_NAME)\"'");
				GCC_SYMBOLS_PRIVATE_EXTERN = NO;
				INSTALL_PATH = "";
				OTHER_LDFLAGS = " ";
				OTHER_REZFLAGS = "";
				PRODUCT_NAME = ALL_BUILD;
				SECTORDER_FLAGS = "";
				SYMROOT = "/Users/nan/src/mysql-ios/build_ios/extra/icu/source/stubdata";
				USE_HEADERMAP = NO;
				WARNING_CFLAGS = ("-Wmost","-Wno-four-char-constants","-Wno-unknown-pragmas","$(inherited)");
			};
			name = Debug;
		};
		B69C57390A494F5A93A7C420 /* MinSizeRel */ = {
			isa = XCBuildConfiguration;
			buildSettings = {
				COMBINE_HIDPI_IMAGES = YES;
				GCC_GENERATE_DEBUGGING_SYMBOLS = YES;
				GCC_INLINES_ARE_PRIVATE_EXTERN = NO;
				GCC_OPTIMIZATION_LEVEL = 0;
				GCC_PREPROCESSOR_DEFINITIONS = ("'CMAKE_INTDIR=\"$(CONFIGURATION)$(EFFECTIVE_PLATFORM_NAME)\"'");
				GCC_SYMBOLS_PRIVATE_EXTERN = NO;
				INSTALL_PATH = "";
				OTHER_LDFLAGS = " ";
				OTHER_REZFLAGS = "";
				PRODUCT_NAME = ZERO_CHECK;
				SECTORDER_FLAGS = "";
				SYMROOT = "/Users/nan/src/mysql-ios/build_ios/extra/icu/source/stubdata";
				USE_HEADERMAP = NO;
				WARNING_CFLAGS = ("-Wmost","-Wno-four-char-constants","-Wno-unknown-pragmas","$(inherited)");
			};
			name = MinSizeRel;
		};
		CEB75CB09AA44C3ABD3A7E35 /* RelWithDebInfo */ = {
			isa = XCBuildConfiguration;
			buildSettings = {
				COMBINE_HIDPI_IMAGES = YES;
				GCC_GENERATE_DEBUGGING_SYMBOLS = YES;
				GCC_INLINES_ARE_PRIVATE_EXTERN = NO;
				GCC_OPTIMIZATION_LEVEL = 0;
				GCC_PREPROCESSOR_DEFINITIONS = ("'CMAKE_INTDIR=\"$(CONFIGURATION)$(EFFECTIVE_PLATFORM_NAME)\"'");
				GCC_SYMBOLS_PRIVATE_EXTERN = NO;
				INSTALL_PATH = "";
				OTHER_LDFLAGS = " ";
				OTHER_REZFLAGS = "";
				PRODUCT_NAME = ALL_BUILD;
				SECTORDER_FLAGS = "";
				SYMROOT = "/Users/nan/src/mysql-ios/build_ios/extra/icu/source/stubdata";
				USE_HEADERMAP = NO;
				WARNING_CFLAGS = ("-Wmost","-Wno-four-char-constants","-Wno-unknown-pragmas","$(inherited)");
			};
			name = RelWithDebInfo;
		};
		D8C41C27672841279B81D3B4 /* Release */ = {
			isa = XCBuildConfiguration;
			buildSettings = {
				MACOSX_DEPLOYMENT_TARGET = 10.13;
				ONLY_ACTIVE_ARCH = YES;
				SDKROOT = "/Applications/Xcode-beta.app/Contents/Developer/Platforms/MacOSX.platform/Developer/SDKs/MacOSX10.14.sdk";
				SYMROOT = "/Users/nan/src/mysql-ios/build_ios/extra/icu/source/stubdata/build";
			};
			name = Release;
		};
		E875BE9E8C0640368E770876 /* MinSizeRel */ = {
			isa = XCBuildConfiguration;
			buildSettings = {
				COMBINE_HIDPI_IMAGES = YES;
				GCC_GENERATE_DEBUGGING_SYMBOLS = YES;
				GCC_INLINES_ARE_PRIVATE_EXTERN = NO;
				GCC_OPTIMIZATION_LEVEL = 0;
				GCC_PREPROCESSOR_DEFINITIONS = ("'CMAKE_INTDIR=\"$(CONFIGURATION)$(EFFECTIVE_PLATFORM_NAME)\"'");
				GCC_SYMBOLS_PRIVATE_EXTERN = NO;
				INSTALL_PATH = "";
				OTHER_LDFLAGS = " ";
				OTHER_REZFLAGS = "";
				PRODUCT_NAME = ALL_BUILD;
				SECTORDER_FLAGS = "";
				SYMROOT = "/Users/nan/src/mysql-ios/build_ios/extra/icu/source/stubdata";
				USE_HEADERMAP = NO;
				WARNING_CFLAGS = ("-Wmost","-Wno-four-char-constants","-Wno-unknown-pragmas","$(inherited)");
			};
			name = MinSizeRel;
		};
		E9438FB8F41646FA8F5F06DD /* Debug */ = {
			isa = XCBuildConfiguration;
			buildSettings = {
				COMBINE_HIDPI_IMAGES = YES;
				GCC_GENERATE_DEBUGGING_SYMBOLS = YES;
				GCC_INLINES_ARE_PRIVATE_EXTERN = NO;
				GCC_OPTIMIZATION_LEVEL = 0;
				GCC_PREPROCESSOR_DEFINITIONS = ("'CMAKE_INTDIR=\"$(CONFIGURATION)$(EFFECTIVE_PLATFORM_NAME)\"'");
				GCC_SYMBOLS_PRIVATE_EXTERN = NO;
				INSTALL_PATH = "";
				OTHER_LDFLAGS = " ";
				OTHER_REZFLAGS = "";
				PRODUCT_NAME = package;
				SECTORDER_FLAGS = "";
				SYMROOT = "/Users/nan/src/mysql-ios/build_ios/extra/icu/source/stubdata";
				USE_HEADERMAP = NO;
				WARNING_CFLAGS = ("-Wmost","-Wno-four-char-constants","-Wno-unknown-pragmas","$(inherited)");
			};
			name = Debug;
		};
		EE0ED54B77C140869E1E916E /* RelWithDebInfo */ = {
			isa = XCBuildConfiguration;
			buildSettings = {
				COMBINE_HIDPI_IMAGES = YES;
				GCC_GENERATE_DEBUGGING_SYMBOLS = YES;
				GCC_INLINES_ARE_PRIVATE_EXTERN = NO;
				GCC_OPTIMIZATION_LEVEL = 0;
				GCC_PREPROCESSOR_DEFINITIONS = ("'CMAKE_INTDIR=\"$(CONFIGURATION)$(EFFECTIVE_PLATFORM_NAME)\"'");
				GCC_SYMBOLS_PRIVATE_EXTERN = NO;
				INSTALL_PATH = "";
				OTHER_LDFLAGS = " ";
				OTHER_REZFLAGS = "";
				PRODUCT_NAME = ZERO_CHECK;
				SECTORDER_FLAGS = "";
				SYMROOT = "/Users/nan/src/mysql-ios/build_ios/extra/icu/source/stubdata";
				USE_HEADERMAP = NO;
				WARNING_CFLAGS = ("-Wmost","-Wno-four-char-constants","-Wno-unknown-pragmas","$(inherited)");
			};
			name = RelWithDebInfo;
		};
		EEAE3143F0C9455CAF6B3422 /* MinSizeRel */ = {
			isa = XCBuildConfiguration;
			buildSettings = {
				COMBINE_HIDPI_IMAGES = YES;
				GCC_GENERATE_DEBUGGING_SYMBOLS = YES;
				GCC_INLINES_ARE_PRIVATE_EXTERN = NO;
				GCC_OPTIMIZATION_LEVEL = 0;
				GCC_PREPROCESSOR_DEFINITIONS = ("'CMAKE_INTDIR=\"$(CONFIGURATION)$(EFFECTIVE_PLATFORM_NAME)\"'");
				GCC_SYMBOLS_PRIVATE_EXTERN = NO;
				INSTALL_PATH = "";
				OTHER_LDFLAGS = " ";
				OTHER_REZFLAGS = "";
				PRODUCT_NAME = RUN_TESTS;
				SECTORDER_FLAGS = "";
				SYMROOT = "/Users/nan/src/mysql-ios/build_ios/extra/icu/source/stubdata";
				USE_HEADERMAP = NO;
				WARNING_CFLAGS = ("-Wmost","-Wno-four-char-constants","-Wno-unknown-pragmas","$(inherited)");
			};
			name = MinSizeRel;
		};
		EF329D5A94F4498ABB9060AB /* MinSizeRel */ = {
			isa = XCBuildConfiguration;
			buildSettings = {
				MACOSX_DEPLOYMENT_TARGET = 10.13;
				ONLY_ACTIVE_ARCH = YES;
				SDKROOT = "/Applications/Xcode-beta.app/Contents/Developer/Platforms/MacOSX.platform/Developer/SDKs/MacOSX10.14.sdk";
				SYMROOT = "/Users/nan/src/mysql-ios/build_ios/extra/icu/source/stubdata/build";
			};
			name = MinSizeRel;
		};
		F3B15EC07DEE4DDF97617B17 /* RelWithDebInfo */ = {
			isa = XCBuildConfiguration;
			buildSettings = {
				COMBINE_HIDPI_IMAGES = YES;
				GCC_GENERATE_DEBUGGING_SYMBOLS = YES;
				GCC_INLINES_ARE_PRIVATE_EXTERN = NO;
				GCC_OPTIMIZATION_LEVEL = 0;
				GCC_PREPROCESSOR_DEFINITIONS = ("'CMAKE_INTDIR=\"$(CONFIGURATION)$(EFFECTIVE_PLATFORM_NAME)\"'");
				GCC_SYMBOLS_PRIVATE_EXTERN = NO;
				INSTALL_PATH = "";
				OTHER_LDFLAGS = " ";
				OTHER_REZFLAGS = "";
				PRODUCT_NAME = RUN_TESTS;
				SECTORDER_FLAGS = "";
				SYMROOT = "/Users/nan/src/mysql-ios/build_ios/extra/icu/source/stubdata";
				USE_HEADERMAP = NO;
				WARNING_CFLAGS = ("-Wmost","-Wno-four-char-constants","-Wno-unknown-pragmas","$(inherited)");
			};
			name = RelWithDebInfo;
		};
/* End XCBuildConfiguration section */

/* Begin XCConfigurationList section */
		0192C67423FF4719B12E2C70 /* Build configuration list for PBXAggregateTarget "RUN_TESTS" */ = {
			isa = XCConfigurationList;
			buildConfigurations = (
				74486DE6665043BBBD75DE62 /* Debug */,
				45A8F532341D41DD90D87B00 /* Release */,
				EEAE3143F0C9455CAF6B3422 /* MinSizeRel */,
				F3B15EC07DEE4DDF97617B17 /* RelWithDebInfo */,
			);
			defaultConfigurationIsVisible = 0;
			defaultConfigurationName = Debug;
		};
		13D46D7AF2AA455285F92314 /* Build configuration list for PBXAggregateTarget "install" */ = {
			isa = XCConfigurationList;
			buildConfigurations = (
				95AAF90AB62E451593546A70 /* Debug */,
				2F766B7697F7472BB348BB3B /* Release */,
				2F276508FDD641A1A6A2E980 /* MinSizeRel */,
				48A4DDF12E3249FF904F7465 /* RelWithDebInfo */,
			);
			defaultConfigurationIsVisible = 0;
			defaultConfigurationName = Debug;
		};
		51C43D7A2E2C4DCB8D58E9FD /* Build configuration list for PBXProject "ICU-stubdata" */ = {
			isa = XCConfigurationList;
			buildConfigurations = (
				08EA653657CE436090632008 /* Debug */,
				D8C41C27672841279B81D3B4 /* Release */,
				EF329D5A94F4498ABB9060AB /* MinSizeRel */,
				0FD9257D92B74181A822E26E /* RelWithDebInfo */,
			);
			defaultConfigurationIsVisible = 0;
			defaultConfigurationName = Debug;
		};
		60066116982B44F4AC86614C /* Build configuration list for PBXNativeTarget "icustubdata" */ = {
			isa = XCConfigurationList;
			buildConfigurations = (
				8C9979295CD346188E80D92D /* Debug */,
				35A65634C38D416597A7C20D /* Release */,
				31227037E1284CD5B66DA6E8 /* MinSizeRel */,
				9A217BE537B04514B84F6325 /* RelWithDebInfo */,
			);
			defaultConfigurationIsVisible = 0;
			defaultConfigurationName = Debug;
		};
		7C2B00CA8BFA4237A9D62826 /* Build configuration list for PBXAggregateTarget "package" */ = {
			isa = XCConfigurationList;
			buildConfigurations = (
				E9438FB8F41646FA8F5F06DD /* Debug */,
				5B06665A7C7A42968CE25D36 /* Release */,
				3E500E621AA843958F8C1CD9 /* MinSizeRel */,
				9763F7862C304871B693AB23 /* RelWithDebInfo */,
			);
			defaultConfigurationIsVisible = 0;
			defaultConfigurationName = Debug;
		};
		BBF86EC6174F4B8CBFDFC200 /* Build configuration list for PBXAggregateTarget "ALL_BUILD" */ = {
			isa = XCConfigurationList;
			buildConfigurations = (
				B46165C833F04F40881F97FD /* Debug */,
				6DBAC4F0A874481694A348F6 /* Release */,
				E875BE9E8C0640368E770876 /* MinSizeRel */,
				CEB75CB09AA44C3ABD3A7E35 /* RelWithDebInfo */,
			);
			defaultConfigurationIsVisible = 0;
			defaultConfigurationName = Debug;
		};
		D49CE9BE79C14E2FA9DC8BEC /* Build configuration list for PBXAggregateTarget "ZERO_CHECK" */ = {
			isa = XCConfigurationList;
			buildConfigurations = (
				3053610EE6734C39BFE5E8C6 /* Debug */,
				76C1E8D877174370BA7BB513 /* Release */,
				B69C57390A494F5A93A7C420 /* MinSizeRel */,
				EE0ED54B77C140869E1E916E /* RelWithDebInfo */,
			);
			defaultConfigurationIsVisible = 0;
			defaultConfigurationName = Debug;
		};
/* End XCConfigurationList section */
	};
	rootObject = 3F1C8B11EB0347CCADF899AA /* Project object */;
}
