// !$*UTF8*$!
{
	archiveVersion = 1;
	classes = {
	};
	objectVersion = 46;
	objects = {

/* Begin PBXAggregateTarget section */
		6C603DE2732145C9A9BD1A44 /* package */ = {
			isa = PBXAggregateTarget;
			buildConfigurationList = 79CDACB7EADE4C808CF38EFE /* Build configuration list for PBXAggregateTarget "package" */;
			buildPhases = (
				9AAD0F8D3D2F451BB193D951 /* CMake PostBuild Rules */,
			);
			dependencies = (
				A02A24B10056460D864D2083 /* PBXTargetDependency */,
			);
			name = package;
			productName = package;
		};
		98016B178A8D4387A9DE3E29 /* RUN_TESTS */ = {
			isa = PBXAggregateTarget;
			buildConfigurationList = D42FB619421F47E69742E79C /* Build configuration list for PBXAggregateTarget "RUN_TESTS" */;
			buildPhases = (
				74051758A3624DB8877739E4 /* CMake PostBuild Rules */,
			);
			dependencies = (
			);
			name = RUN_TESTS;
			productName = RUN_TESTS;
		};
		9EDFCDFE573A4EC48A319555 /* ALL_BUILD */ = {
			isa = PBXAggregateTarget;
			buildConfigurationList = ADDE5D4FF9A24A6C90BDC0D9 /* Build configuration list for PBXAggregateTarget "ALL_BUILD" */;
			buildPhases = (
				6226BA8B032F4BDFAC3E8EF0 /* CMake Rules */,
			);
			dependencies = (
				D37DFEFFAE9A4BA8AC7E23DB /* PBXTargetDependency */,
				B5AE7358953B4FC0B2EE70A8 /* PBXTargetDependency */,
			);
			name = ALL_BUILD;
			productName = ALL_BUILD;
		};
		B3E3FB44D7BC4B0B8F2A9C78 /* ZERO_CHECK */ = {
			isa = PBXAggregateTarget;
			buildConfigurationList = 7F1438FB33904786A7C1C3D5 /* Build configuration list for PBXAggregateTarget "ZERO_CHECK" */;
			buildPhases = (
				C836A1031D1949E7B110B9B8 /* CMake Rules */,
			);
			dependencies = (
			);
			name = ZERO_CHECK;
			productName = ZERO_CHECK;
		};
		E3D48F9BD7874E23B0DF0C13 /* install */ = {
			isa = PBXAggregateTarget;
			buildConfigurationList = DB390BC44C9742AB88A6BA93 /* Build configuration list for PBXAggregateTarget "install" */;
			buildPhases = (
				6040757D997342B0BAB3DFBC /* CMake PostBuild Rules */,
			);
			dependencies = (
				6DA746D3DE2442CD82EE01FA /* PBXTargetDependency */,
			);
			name = install;
			productName = install;
		};
/* End PBXAggregateTarget section */

/* Begin PBXBuildFile section */
		24A63794A9B14F8881151209 /* /Users/nan/src/mysql-ios/mysql/extra/icu/source/stubdata/stubdata.cpp */ = {isa = PBXBuildFile; fileRef = 97C8563F7A424CF0B0E1C110 /* /Users/nan/src/mysql-ios/mysql/extra/icu/source/stubdata/stubdata.cpp */; };
		E91C031CBBE34A1B9684C31C /* /Users/nan/src/mysql-ios/mysql/extra/icu/source/stubdata/CMakeLists.txt */ = {isa = PBXBuildFile; fileRef = 8729E10742DC441EA0F72863 /* /Users/nan/src/mysql-ios/mysql/extra/icu/source/stubdata/CMakeLists.txt */; };
/* End PBXBuildFile section */

/* Begin PBXBuildStyle section */
		4017CF33676842708B1DBCC4 /* MinSizeRel */ = {
			isa = PBXBuildStyle;
			buildSettings = {
				COPY_PHASE_STRIP = NO;
			};
			name = MinSizeRel;
		};
		4CA7C65AB4B64994938665AB /* Debug */ = {
			isa = PBXBuildStyle;
			buildSettings = {
				COPY_PHASE_STRIP = NO;
			};
			name = Debug;
		};
		9B5F9CD5138A4E2B845FD63B /* RelWithDebInfo */ = {
			isa = PBXBuildStyle;
			buildSettings = {
				COPY_PHASE_STRIP = NO;
			};
			name = RelWithDebInfo;
		};
		FE12C5E7AF204137A7B41073 /* Release */ = {
			isa = PBXBuildStyle;
			buildSettings = {
				COPY_PHASE_STRIP = NO;
			};
			name = Release;
		};
/* End PBXBuildStyle section */

/* Begin PBXContainerItemProxy section */
		709F3B5DB4AE4F7497770E7E /* PBXContainerItemProxy */ = {
			isa = PBXContainerItemProxy;
			containerPortal = FE0FFDE3DA74463C97AB48FB /* Project object */;
			proxyType = 1;
			remoteGlobalIDString = B3E3FB44D7BC4B0B8F2A9C78;
			remoteInfo = ZERO_CHECK;
		};
		9E668D29116E4F15A104D946 /* PBXContainerItemProxy */ = {
			isa = PBXContainerItemProxy;
			containerPortal = FE0FFDE3DA74463C97AB48FB /* Project object */;
			proxyType = 1;
			remoteGlobalIDString = E4510D514F904848AED9AB49;
			remoteInfo = icustubdata;
		};
		D6BF157D24C1480AB2C7D51F /* PBXContainerItemProxy */ = {
			isa = PBXContainerItemProxy;
			containerPortal = FE0FFDE3DA74463C97AB48FB /* Project object */;
			proxyType = 1;
			remoteGlobalIDString = B3E3FB44D7BC4B0B8F2A9C78;
			remoteInfo = ZERO_CHECK;
		};
		EECBDB90728F44BE9C7F15FE /* PBXContainerItemProxy */ = {
			isa = PBXContainerItemProxy;
			containerPortal = FE0FFDE3DA74463C97AB48FB /* Project object */;
			proxyType = 1;
			remoteGlobalIDString = 9EDFCDFE573A4EC48A319555;
			remoteInfo = ALL_BUILD;
		};
		F38489DA717B4891B3BC8250 /* PBXContainerItemProxy */ = {
			isa = PBXContainerItemProxy;
			containerPortal = FE0FFDE3DA74463C97AB48FB /* Project object */;
			proxyType = 1;
			remoteGlobalIDString = 9EDFCDFE573A4EC48A319555;
			remoteInfo = ALL_BUILD;
		};
/* End PBXContainerItemProxy section */

/* Begin PBXFileReference section */
		36D5F637CE7546E7905F219C /* /Users/nan/src/mysql-ios/mysql/extra/icu/source/stubdata/CMakeLists.txt */ = {isa = PBXFileReference; explicitFileType = sourcecode.text; fileEncoding = 4; name = CMakeLists.txt; path = CMakeLists.txt; sourceTree = SOURCE_ROOT; };
		8729E10742DC441EA0F72863 /* /Users/nan/src/mysql-ios/mysql/extra/icu/source/stubdata/CMakeLists.txt */ = {isa = PBXFileReference; explicitFileType = sourcecode.text; fileEncoding = 4; name = CMakeLists.txt; path = CMakeLists.txt; sourceTree = SOURCE_ROOT; };
		97C8563F7A424CF0B0E1C110 /* /Users/nan/src/mysql-ios/mysql/extra/icu/source/stubdata/stubdata.cpp */ = {isa = PBXFileReference; explicitFileType = sourcecode.cpp.cpp; fileEncoding = 4; name = stubdata.cpp; path = stubdata.cpp; sourceTree = SOURCE_ROOT; };
		FB912A8F198B40B3A7F177AB /* icustubdata */ = {isa = PBXFileReference; explicitFileType = archive.ar; path = libicustubdata.a; sourceTree = BUILT_PRODUCTS_DIR; };
/* End PBXFileReference section */

/* Begin PBXGroup section */
		120933114FA24F2B808DBBAF /* Products */ = {
			isa = PBXGroup;
			children = (
				FB912A8F198B40B3A7F177AB /* icustubdata */,
			);
			name = Products;
			sourceTree = "<group>";
		};
		8981ECC38A9240A1BDF5D57B = {
			isa = PBXGroup;
			children = (
				AD21B8F7C7DC4652AAC68AD7 /* icustubdata */,
				F8CCAE94E603402585921B05 /* ALL_BUILD */,
				120933114FA24F2B808DBBAF /* Products */,
			);
			sourceTree = "<group>";
		};
		AD21B8F7C7DC4652AAC68AD7 /* icustubdata */ = {
			isa = PBXGroup;
			children = (
				ED2094F5AF9840DABA58EBBB /* Source Files */,
				8729E10742DC441EA0F72863 /* /Users/nan/src/mysql-ios/mysql/extra/icu/source/stubdata/CMakeLists.txt */,
			);
			name = icustubdata;
			sourceTree = "<group>";
		};
		B62CAA3DE7064D2D95ADB8ED /* CMake Rules */ = {
			isa = PBXGroup;
			children = (
			);
			name = "CMake Rules";
			sourceTree = "<group>";
		};
		ED2094F5AF9840DABA58EBBB /* Source Files */ = {
			isa = PBXGroup;
			children = (
				97C8563F7A424CF0B0E1C110 /* /Users/nan/src/mysql-ios/mysql/extra/icu/source/stubdata/stubdata.cpp */,
			);
			name = "Source Files";
			sourceTree = "<group>";
		};
		F8CCAE94E603402585921B05 /* ALL_BUILD */ = {
			isa = PBXGroup;
			children = (
				B62CAA3DE7064D2D95ADB8ED /* CMake Rules */,
				36D5F637CE7546E7905F219C /* /Users/nan/src/mysql-ios/mysql/extra/icu/source/stubdata/CMakeLists.txt */,
			);
			name = ALL_BUILD;
			sourceTree = "<group>";
		};
/* End PBXGroup section */

/* Begin PBXNativeTarget section */
		E4510D514F904848AED9AB49 /* icustubdata */ = {
			isa = PBXNativeTarget;
			buildConfigurationList = 62CCA830BFE54B7A8CAFB21D /* Build configuration list for PBXNativeTarget "icustubdata" */;
			buildPhases = (
				D4751849CC6E404590DF215F /* Sources */,
			);
			buildRules = (
			);
			dependencies = (
				0CF402F8F12A441BBDE1DEF2 /* PBXTargetDependency */,
			);
			name = icustubdata;
			productName = icustubdata;
			productReference = FB912A8F198B40B3A7F177AB /* icustubdata */;
			productType = "com.apple.product-type.library.static";
		};
/* End PBXNativeTarget section */

/* Begin PBXProject section */
		FE0FFDE3DA74463C97AB48FB /* Project object */ = {
			isa = PBXProject;
			attributes = {
				BuildIndependentTargetsInParallel = YES;
				LastUpgradeCheck = 1000;
			};
			buildConfigurationList = B5D8592AD9E7458FB94A723F /* Build configuration list for PBXProject "ICU-stubdata" */;
			buildSettings = {
			};
			buildStyles = (
				4CA7C65AB4B64994938665AB /* Debug */,
				FE12C5E7AF204137A7B41073 /* Release */,
				4017CF33676842708B1DBCC4 /* MinSizeRel */,
				9B5F9CD5138A4E2B845FD63B /* RelWithDebInfo */,
			);
			compatibilityVersion = "Xcode 3.2";
			hasScannedForEncodings = 0;
			mainGroup = 8981ECC38A9240A1BDF5D57B;
			projectDirPath = "/Users/nan/src/mysql-ios/mysql/extra/icu/source/stubdata";
			projectRoot = "";
			targets = (
				9EDFCDFE573A4EC48A319555 /* ALL_BUILD */,
				98016B178A8D4387A9DE3E29 /* RUN_TESTS */,
				B3E3FB44D7BC4B0B8F2A9C78 /* ZERO_CHECK */,
				E4510D514F904848AED9AB49 /* icustubdata */,
				E3D48F9BD7874E23B0DF0C13 /* install */,
				6C603DE2732145C9A9BD1A44 /* package */,
			);
		};
/* End PBXProject section */

/* Begin PBXShellScriptBuildPhase section */
		04664E57289B45CAA6642020 = {
			isa = PBXShellScriptBuildPhase;
			buildActionMask = 2147483647;
			files = (
			);
			inputPaths = (
			);
			outputPaths = (
			);
			runOnlyForDeploymentPostprocessing = 0;
			shellPath = /bin/sh;
			shellScript = "# shell script goes here
exit 0";
			showEnvVarsInLog = 0;
		};
		6040757D997342B0BAB3DFBC /* CMake PostBuild Rules */ = {
			isa = PBXShellScriptBuildPhase;
			buildActionMask = 2147483647;
			files = (
			);
			name = "CMake PostBuild Rules";
			runOnlyForDeploymentPostprocessing = 0;
			shellPath = /bin/sh;
			shellScript = "make -C /Users/nan/src/mysql-ios/cmake_build/extra/icu/source/stubdata -f /Users/nan/src/mysql-ios/cmake_build/extra/icu/source/stubdata/CMakeScripts/install_postBuildPhase.make$CONFIGURATION all";
			showEnvVarsInLog = 0;
		};
		6226BA8B032F4BDFAC3E8EF0 /* CMake Rules */ = {
			isa = PBXShellScriptBuildPhase;
			buildActionMask = 2147483647;
			files = (
			);
			name = "CMake Rules";
			runOnlyForDeploymentPostprocessing = 0;
			shellPath = /bin/sh;
			shellScript = "make -C /Users/nan/src/mysql-ios/cmake_build/extra/icu/source/stubdata -f /Users/nan/src/mysql-ios/cmake_build/extra/icu/source/stubdata/CMakeScripts/ALL_BUILD_cmakeRulesBuildPhase.make$CONFIGURATION all";
			showEnvVarsInLog = 0;
		};
		74051758A3624DB8877739E4 /* CMake PostBuild Rules */ = {
			isa = PBXShellScriptBuildPhase;
			buildActionMask = 2147483647;
			files = (
			);
			name = "CMake PostBuild Rules";
			runOnlyForDeploymentPostprocessing = 0;
			shellPath = /bin/sh;
			shellScript = "make -C /Users/nan/src/mysql-ios/cmake_build/extra/icu/source/stubdata -f /Users/nan/src/mysql-ios/cmake_build/extra/icu/source/stubdata/CMakeScripts/RUN_TESTS_postBuildPhase.make$CONFIGURATION all";
			showEnvVarsInLog = 0;
		};
		82A9E0FD71284370A7F8477C = {
			isa = PBXShellScriptBuildPhase;
			buildActionMask = 2147483647;
			files = (
			);
			inputPaths = (
			);
			outputPaths = (
			);
			runOnlyForDeploymentPostprocessing = 0;
			shellPath = /bin/sh;
			shellScript = "# shell script goes here
exit 0";
			showEnvVarsInLog = 0;
		};
		8C26E7BF08F7498881508D7B = {
			isa = PBXShellScriptBuildPhase;
			buildActionMask = 2147483647;
			files = (
			);
			inputPaths = (
			);
			outputPaths = (
			);
			runOnlyForDeploymentPostprocessing = 0;
			shellPath = /bin/sh;
			shellScript = "# shell script goes here
exit 0";
			showEnvVarsInLog = 0;
		};
		941BD49F419845AB8E5DD927 = {
			isa = PBXShellScriptBuildPhase;
			buildActionMask = 2147483647;
			files = (
			);
			inputPaths = (
			);
			outputPaths = (
			);
			runOnlyForDeploymentPostprocessing = 0;
			shellPath = /bin/sh;
			shellScript = "# shell script goes here
exit 0";
			showEnvVarsInLog = 0;
		};
		9AAD0F8D3D2F451BB193D951 /* CMake PostBuild Rules */ = {
			isa = PBXShellScriptBuildPhase;
			buildActionMask = 2147483647;
			files = (
			);
			name = "CMake PostBuild Rules";
			runOnlyForDeploymentPostprocessing = 0;
			shellPath = /bin/sh;
			shellScript = "make -C /Users/nan/src/mysql-ios/cmake_build/extra/icu/source/stubdata -f /Users/nan/src/mysql-ios/cmake_build/extra/icu/source/stubdata/CMakeScripts/package_postBuildPhase.make$CONFIGURATION all";
			showEnvVarsInLog = 0;
		};
		C836A1031D1949E7B110B9B8 /* CMake Rules */ = {
			isa = PBXShellScriptBuildPhase;
			buildActionMask = 2147483647;
			files = (
			);
			name = "CMake Rules";
			runOnlyForDeploymentPostprocessing = 0;
			shellPath = /bin/sh;
			shellScript = "make -C /Users/nan/src/mysql-ios/cmake_build/extra/icu/source/stubdata -f /Users/nan/src/mysql-ios/cmake_build/extra/icu/source/stubdata/CMakeScripts/ZERO_CHECK_cmakeRulesBuildPhase.make$CONFIGURATION all";
			showEnvVarsInLog = 0;
		};
		ED3BC68F8C944E4D902D73B1 = {
			isa = PBXShellScriptBuildPhase;
			buildActionMask = 2147483647;
			files = (
			);
			inputPaths = (
			);
			outputPaths = (
			);
			runOnlyForDeploymentPostprocessing = 0;
			shellPath = /bin/sh;
			shellScript = "# shell script goes here
exit 0";
			showEnvVarsInLog = 0;
		};
/* End PBXShellScriptBuildPhase section */

/* Begin PBXSourcesBuildPhase section */
		D4751849CC6E404590DF215F /* Sources */ = {
			isa = PBXSourcesBuildPhase;
			buildActionMask = 2147483647;
			files = (
				24A63794A9B14F8881151209 /* /Users/nan/src/mysql-ios/mysql/extra/icu/source/stubdata/stubdata.cpp */,
			);
			runOnlyForDeploymentPostprocessing = 0;
		};
/* End PBXSourcesBuildPhase section */

/* Begin PBXTargetDependency section */
		0CF402F8F12A441BBDE1DEF2 /* PBXTargetDependency */ = {
			isa = PBXTargetDependency;
			target = B3E3FB44D7BC4B0B8F2A9C78 /* ZERO_CHECK */;
			targetProxy = 709F3B5DB4AE4F7497770E7E /* PBXContainerItemProxy */;
		};
		6DA746D3DE2442CD82EE01FA /* PBXTargetDependency */ = {
			isa = PBXTargetDependency;
			target = 9EDFCDFE573A4EC48A319555 /* ALL_BUILD */;
			targetProxy = F38489DA717B4891B3BC8250 /* PBXContainerItemProxy */;
		};
		A02A24B10056460D864D2083 /* PBXTargetDependency */ = {
			isa = PBXTargetDependency;
			target = 9EDFCDFE573A4EC48A319555 /* ALL_BUILD */;
			targetProxy = EECBDB90728F44BE9C7F15FE /* PBXContainerItemProxy */;
		};
		B5AE7358953B4FC0B2EE70A8 /* PBXTargetDependency */ = {
			isa = PBXTargetDependency;
			target = B3E3FB44D7BC4B0B8F2A9C78 /* ZERO_CHECK */;
			targetProxy = D6BF157D24C1480AB2C7D51F /* PBXContainerItemProxy */;
		};
		D37DFEFFAE9A4BA8AC7E23DB /* PBXTargetDependency */ = {
			isa = PBXTargetDependency;
			target = E4510D514F904848AED9AB49 /* icustubdata */;
			targetProxy = 9E668D29116E4F15A104D946 /* PBXContainerItemProxy */;
		};
/* End PBXTargetDependency section */

/* Begin XCBuildConfiguration section */
		100D90AD8A014CC684A10751 /* MinSizeRel */ = {
			isa = XCBuildConfiguration;
			buildSettings = {
				COMBINE_HIDPI_IMAGES = YES;
				GCC_GENERATE_DEBUGGING_SYMBOLS = YES;
				GCC_INLINES_ARE_PRIVATE_EXTERN = NO;
				GCC_OPTIMIZATION_LEVEL = 0;
				GCC_PREPROCESSOR_DEFINITIONS = ("'CMAKE_INTDIR=\"$(CONFIGURATION)$(EFFECTIVE_PLATFORM_NAME)\"'");
				GCC_SYMBOLS_PRIVATE_EXTERN = NO;
				INSTALL_PATH = "";
				OTHER_LDFLAGS = " ";
				OTHER_REZFLAGS = "";
				PRODUCT_NAME = install;
				SECTORDER_FLAGS = "";
				SYMROOT = "/Users/nan/src/mysql-ios/cmake_build/extra/icu/source/stubdata";
				USE_HEADERMAP = NO;
				WARNING_CFLAGS = ("-Wmost","-Wno-four-char-constants","-Wno-unknown-pragmas","$(inherited)");
			};
			name = MinSizeRel;
		};
		10948AC80D74459CA33A0FFB /* MinSizeRel */ = {
			isa = XCBuildConfiguration;
			buildSettings = {
				MACOSX_DEPLOYMENT_TARGET = 10.13;
				ONLY_ACTIVE_ARCH = YES;
				SDKROOT = "/Applications/Xcode-beta.app/Contents/Developer/Platforms/MacOSX.platform/Developer/SDKs/MacOSX10.14.sdk";
				SYMROOT = "/Users/nan/src/mysql-ios/cmake_build/extra/icu/source/stubdata/build";
			};
			name = MinSizeRel;
		};
		392830D3A2E34FB0B12D8303 /* Release */ = {
			isa = XCBuildConfiguration;
			buildSettings = {
				COMBINE_HIDPI_IMAGES = YES;
				GCC_GENERATE_DEBUGGING_SYMBOLS = YES;
				GCC_INLINES_ARE_PRIVATE_EXTERN = NO;
				GCC_OPTIMIZATION_LEVEL = 0;
				GCC_PREPROCESSOR_DEFINITIONS = ("'CMAKE_INTDIR=\"$(CONFIGURATION)$(EFFECTIVE_PLATFORM_NAME)\"'");
				GCC_SYMBOLS_PRIVATE_EXTERN = NO;
				INSTALL_PATH = "";
				OTHER_LDFLAGS = " ";
				OTHER_REZFLAGS = "";
				PRODUCT_NAME = ZERO_CHECK;
				SECTORDER_FLAGS = "";
				SYMROOT = "/Users/nan/src/mysql-ios/cmake_build/extra/icu/source/stubdata";
				USE_HEADERMAP = NO;
				WARNING_CFLAGS = ("-Wmost","-Wno-four-char-constants","-Wno-unknown-pragmas","$(inherited)");
			};
			name = Release;
		};
		4917E9FD00F3427D8FA0B755 /* RelWithDebInfo */ = {
			isa = XCBuildConfiguration;
			buildSettings = {
				COMBINE_HIDPI_IMAGES = YES;
				EXECUTABLE_PREFIX = lib;
				EXECUTABLE_SUFFIX = .a;
				GCC_GENERATE_DEBUGGING_SYMBOLS = YES;
				GCC_INLINES_ARE_PRIVATE_EXTERN = NO;
				GCC_OPTIMIZATION_LEVEL = 2;
				GCC_PREPROCESSOR_DEFINITIONS = ("'CMAKE_INTDIR=\"$(CONFIGURATION)$(EFFECTIVE_PLATFORM_NAME)\"'",HAVE_CONFIG_H,HAVE_OPENSSL,RAPIDJSON_NO_SIZETYPEDEFINE,__STDC_LIMIT_MACROS,__STDC_FORMAT_MACROS,_USE_MATH_DEFINES,HAVE_LIBEVENT1,"'UNISTR_FROM_STRING_EXPLICIT=explicit'","'UNISTR_FROM_CHAR_EXPLICIT=explicit'");
				GCC_SYMBOLS_PRIVATE_EXTERN = NO;
				HEADER_SEARCH_PATHS = ("/Users/nan/src/mysql-ios/mysql/extra/icu/source/stubdata/../common");
				INSTALL_PATH = "";
				LIBRARY_STYLE = STATIC;
				OTHER_CPLUSPLUSFLAGS = "    -ffunction-sections -fdata-sections -fPIC    -fno-omit-frame-pointer -std=c++11  -DDBUG_OFF  ";
				OTHER_LIBTOOLFLAGS = " ";
				OTHER_REZFLAGS = "";
				PRODUCT_NAME = icustubdata;
				SECTORDER_FLAGS = "";
				SYMROOT = "/Users/nan/src/mysql-ios/cmake_build/extra/icu/source/stubdata";
				USE_HEADERMAP = NO;
				WARNING_CFLAGS = ("-Wmost","-Wno-four-char-constants","-Wno-unknown-pragmas","$(inherited)");
			};
			name = RelWithDebInfo;
		};
		493FE2F970D84959AFE857F4 /* MinSizeRel */ = {
			isa = XCBuildConfiguration;
			buildSettings = {
				COMBINE_HIDPI_IMAGES = YES;
				GCC_GENERATE_DEBUGGING_SYMBOLS = YES;
				GCC_INLINES_ARE_PRIVATE_EXTERN = NO;
				GCC_OPTIMIZATION_LEVEL = 0;
				GCC_PREPROCESSOR_DEFINITIONS = ("'CMAKE_INTDIR=\"$(CONFIGURATION)$(EFFECTIVE_PLATFORM_NAME)\"'");
				GCC_SYMBOLS_PRIVATE_EXTERN = NO;
				INSTALL_PATH = "";
				OTHER_LDFLAGS = " ";
				OTHER_REZFLAGS = "";
				PRODUCT_NAME = ZERO_CHECK;
				SECTORDER_FLAGS = "";
				SYMROOT = "/Users/nan/src/mysql-ios/cmake_build/extra/icu/source/stubdata";
				USE_HEADERMAP = NO;
				WARNING_CFLAGS = ("-Wmost","-Wno-four-char-constants","-Wno-unknown-pragmas","$(inherited)");
			};
			name = MinSizeRel;
		};
		65ADF0BF9EB34F5FB1D40A44 /* RelWithDebInfo */ = {
			isa = XCBuildConfiguration;
			buildSettings = {
				COMBINE_HIDPI_IMAGES = YES;
				GCC_GENERATE_DEBUGGING_SYMBOLS = YES;
				GCC_INLINES_ARE_PRIVATE_EXTERN = NO;
				GCC_OPTIMIZATION_LEVEL = 0;
				GCC_PREPROCESSOR_DEFINITIONS = ("'CMAKE_INTDIR=\"$(CONFIGURATION)$(EFFECTIVE_PLATFORM_NAME)\"'");
				GCC_SYMBOLS_PRIVATE_EXTERN = NO;
				INSTALL_PATH = "";
				OTHER_LDFLAGS = " ";
				OTHER_REZFLAGS = "";
				PRODUCT_NAME = RUN_TESTS;
				SECTORDER_FLAGS = "";
				SYMROOT = "/Users/nan/src/mysql-ios/cmake_build/extra/icu/source/stubdata";
				USE_HEADERMAP = NO;
				WARNING_CFLAGS = ("-Wmost","-Wno-four-char-constants","-Wno-unknown-pragmas","$(inherited)");
			};
			name = RelWithDebInfo;
		};
		6856AEC4B9B047F5955E1C0D /* RelWithDebInfo */ = {
			isa = XCBuildConfiguration;
			buildSettings = {
				COMBINE_HIDPI_IMAGES = YES;
				GCC_GENERATE_DEBUGGING_SYMBOLS = YES;
				GCC_INLINES_ARE_PRIVATE_EXTERN = NO;
				GCC_OPTIMIZATION_LEVEL = 0;
				GCC_PREPROCESSOR_DEFINITIONS = ("'CMAKE_INTDIR=\"$(CONFIGURATION)$(EFFECTIVE_PLATFORM_NAME)\"'");
				GCC_SYMBOLS_PRIVATE_EXTERN = NO;
				INSTALL_PATH = "";
				OTHER_LDFLAGS = " ";
				OTHER_REZFLAGS = "";
				PRODUCT_NAME = install;
				SECTORDER_FLAGS = "";
				SYMROOT = "/Users/nan/src/mysql-ios/cmake_build/extra/icu/source/stubdata";
				USE_HEADERMAP = NO;
				WARNING_CFLAGS = ("-Wmost","-Wno-four-char-constants","-Wno-unknown-pragmas","$(inherited)");
			};
			name = RelWithDebInfo;
		};
		71E40A1343014363A637B086 /* Debug */ = {
			isa = XCBuildConfiguration;
			buildSettings = {
				COMBINE_HIDPI_IMAGES = YES;
				GCC_GENERATE_DEBUGGING_SYMBOLS = YES;
				GCC_INLINES_ARE_PRIVATE_EXTERN = NO;
				GCC_OPTIMIZATION_LEVEL = 0;
				GCC_PREPROCESSOR_DEFINITIONS = ("'CMAKE_INTDIR=\"$(CONFIGURATION)$(EFFECTIVE_PLATFORM_NAME)\"'");
				GCC_SYMBOLS_PRIVATE_EXTERN = NO;
				INSTALL_PATH = "";
				OTHER_LDFLAGS = " ";
				OTHER_REZFLAGS = "";
				PRODUCT_NAME = install;
				SECTORDER_FLAGS = "";
				SYMROOT = "/Users/nan/src/mysql-ios/cmake_build/extra/icu/source/stubdata";
				USE_HEADERMAP = NO;
				WARNING_CFLAGS = ("-Wmost","-Wno-four-char-constants","-Wno-unknown-pragmas","$(inherited)");
			};
			name = Debug;
		};
		83CC84A809664E709806B228 /* MinSizeRel */ = {
			isa = XCBuildConfiguration;
			buildSettings = {
				COMBINE_HIDPI_IMAGES = YES;
				GCC_GENERATE_DEBUGGING_SYMBOLS = YES;
				GCC_INLINES_ARE_PRIVATE_EXTERN = NO;
				GCC_OPTIMIZATION_LEVEL = 0;
				GCC_PREPROCESSOR_DEFINITIONS = ("'CMAKE_INTDIR=\"$(CONFIGURATION)$(EFFECTIVE_PLATFORM_NAME)\"'");
				GCC_SYMBOLS_PRIVATE_EXTERN = NO;
				INSTALL_PATH = "";
				OTHER_LDFLAGS = " ";
				OTHER_REZFLAGS = "";
				PRODUCT_NAME = RUN_TESTS;
				SECTORDER_FLAGS = "";
				SYMROOT = "/Users/nan/src/mysql-ios/cmake_build/extra/icu/source/stubdata";
				USE_HEADERMAP = NO;
				WARNING_CFLAGS = ("-Wmost","-Wno-four-char-constants","-Wno-unknown-pragmas","$(inherited)");
			};
			name = MinSizeRel;
		};
		85C8F80FCE9A42DD8B8EC2CE /* MinSizeRel */ = {
			isa = XCBuildConfiguration;
			buildSettings = {
				COMBINE_HIDPI_IMAGES = YES;
				GCC_GENERATE_DEBUGGING_SYMBOLS = YES;
				GCC_INLINES_ARE_PRIVATE_EXTERN = NO;
				GCC_OPTIMIZATION_LEVEL = 0;
				GCC_PREPROCESSOR_DEFINITIONS = ("'CMAKE_INTDIR=\"$(CONFIGURATION)$(EFFECTIVE_PLATFORM_NAME)\"'");
				GCC_SYMBOLS_PRIVATE_EXTERN = NO;
				INSTALL_PATH = "";
				OTHER_LDFLAGS = " ";
				OTHER_REZFLAGS = "";
				PRODUCT_NAME = package;
				SECTORDER_FLAGS = "";
				SYMROOT = "/Users/nan/src/mysql-ios/cmake_build/extra/icu/source/stubdata";
				USE_HEADERMAP = NO;
				WARNING_CFLAGS = ("-Wmost","-Wno-four-char-constants","-Wno-unknown-pragmas","$(inherited)");
			};
			name = MinSizeRel;
		};
		8D01A8711561472DB4F0415A /* RelWithDebInfo */ = {
			isa = XCBuildConfiguration;
			buildSettings = {
				COMBINE_HIDPI_IMAGES = YES;
				GCC_GENERATE_DEBUGGING_SYMBOLS = YES;
				GCC_INLINES_ARE_PRIVATE_EXTERN = NO;
				GCC_OPTIMIZATION_LEVEL = 0;
				GCC_PREPROCESSOR_DEFINITIONS = ("'CMAKE_INTDIR=\"$(CONFIGURATION)$(EFFECTIVE_PLATFORM_NAME)\"'");
				GCC_SYMBOLS_PRIVATE_EXTERN = NO;
				INSTALL_PATH = "";
				OTHER_LDFLAGS = " ";
				OTHER_REZFLAGS = "";
				PRODUCT_NAME = ZERO_CHECK;
				SECTORDER_FLAGS = "";
				SYMROOT = "/Users/nan/src/mysql-ios/cmake_build/extra/icu/source/stubdata";
				USE_HEADERMAP = NO;
				WARNING_CFLAGS = ("-Wmost","-Wno-four-char-constants","-Wno-unknown-pragmas","$(inherited)");
			};
			name = RelWithDebInfo;
		};
		8E79D2BE8EC94A0E8B6376EA /* Release */ = {
			isa = XCBuildConfiguration;
			buildSettings = {
				COMBINE_HIDPI_IMAGES = YES;
				GCC_GENERATE_DEBUGGING_SYMBOLS = YES;
				GCC_INLINES_ARE_PRIVATE_EXTERN = NO;
				GCC_OPTIMIZATION_LEVEL = 0;
				GCC_PREPROCESSOR_DEFINITIONS = ("'CMAKE_INTDIR=\"$(CONFIGURATION)$(EFFECTIVE_PLATFORM_NAME)\"'");
				GCC_SYMBOLS_PRIVATE_EXTERN = NO;
				INSTALL_PATH = "";
				OTHER_LDFLAGS = " ";
				OTHER_REZFLAGS = "";
				PRODUCT_NAME = ALL_BUILD;
				SECTORDER_FLAGS = "";
				SYMROOT = "/Users/nan/src/mysql-ios/cmake_build/extra/icu/source/stubdata";
				USE_HEADERMAP = NO;
				WARNING_CFLAGS = ("-Wmost","-Wno-four-char-constants","-Wno-unknown-pragmas","$(inherited)");
			};
			name = Release;
		};
		93A5A58ED8744556B57C3AC3 /* Release */ = {
			isa = XCBuildConfiguration;
			buildSettings = {
				MACOSX_DEPLOYMENT_TARGET = 10.13;
				ONLY_ACTIVE_ARCH = YES;
				SDKROOT = "/Applications/Xcode-beta.app/Contents/Developer/Platforms/MacOSX.platform/Developer/SDKs/MacOSX10.14.sdk";
				SYMROOT = "/Users/nan/src/mysql-ios/cmake_build/extra/icu/source/stubdata/build";
			};
			name = Release;
		};
		93AD541346FF46C7B7C08A3B /* Debug */ = {
			isa = XCBuildConfiguration;
			buildSettings = {
				COMBINE_HIDPI_IMAGES = YES;
				GCC_GENERATE_DEBUGGING_SYMBOLS = YES;
				GCC_INLINES_ARE_PRIVATE_EXTERN = NO;
				GCC_OPTIMIZATION_LEVEL = 0;
				GCC_PREPROCESSOR_DEFINITIONS = ("'CMAKE_INTDIR=\"$(CONFIGURATION)$(EFFECTIVE_PLATFORM_NAME)\"'");
				GCC_SYMBOLS_PRIVATE_EXTERN = NO;
				INSTALL_PATH = "";
				OTHER_LDFLAGS = " ";
				OTHER_REZFLAGS = "";
				PRODUCT_NAME = RUN_TESTS;
				SECTORDER_FLAGS = "";
				SYMROOT = "/Users/nan/src/mysql-ios/cmake_build/extra/icu/source/stubdata";
				USE_HEADERMAP = NO;
				WARNING_CFLAGS = ("-Wmost","-Wno-four-char-constants","-Wno-unknown-pragmas","$(inherited)");
			};
			name = Debug;
		};
		94D4EDB74C0A4E3390255894 /* Release */ = {
			isa = XCBuildConfiguration;
			buildSettings = {
				COMBINE_HIDPI_IMAGES = YES;
				EXECUTABLE_PREFIX = lib;
				EXECUTABLE_SUFFIX = .a;
				GCC_GENERATE_DEBUGGING_SYMBOLS = NO;
				GCC_INLINES_ARE_PRIVATE_EXTERN = NO;
				GCC_OPTIMIZATION_LEVEL = 3;
				GCC_PREPROCESSOR_DEFINITIONS = ("'CMAKE_INTDIR=\"$(CONFIGURATION)$(EFFECTIVE_PLATFORM_NAME)\"'",HAVE_CONFIG_H,HAVE_OPENSSL,RAPIDJSON_NO_SIZETYPEDEFINE,__STDC_LIMIT_MACROS,__STDC_FORMAT_MACROS,_USE_MATH_DEFINES,HAVE_LIBEVENT1,"'UNISTR_FROM_STRING_EXPLICIT=explicit'","'UNISTR_FROM_CHAR_EXPLICIT=explicit'");
				GCC_SYMBOLS_PRIVATE_EXTERN = NO;
				HEADER_SEARCH_PATHS = ("/Users/nan/src/mysql-ios/mysql/extra/icu/source/stubdata/../common");
				INSTALL_PATH = "";
				LIBRARY_STYLE = STATIC;
				OTHER_CPLUSPLUSFLAGS = "    -DNDEBUG -std=c++11  -DDBUG_OFF  ";
				OTHER_LIBTOOLFLAGS = " ";
				OTHER_REZFLAGS = "";
				PRODUCT_NAME = icustubdata;
				SECTORDER_FLAGS = "";
				SYMROOT = "/Users/nan/src/mysql-ios/cmake_build/extra/icu/source/stubdata";
				USE_HEADERMAP = NO;
				WARNING_CFLAGS = ("-Wmost","-Wno-four-char-constants","-Wno-unknown-pragmas","$(inherited)");
			};
			name = Release;
		};
		95BD27A606C04C088A01297C /* Debug */ = {
			isa = XCBuildConfiguration;
			buildSettings = {
				COMBINE_HIDPI_IMAGES = YES;
				GCC_GENERATE_DEBUGGING_SYMBOLS = YES;
				GCC_INLINES_ARE_PRIVATE_EXTERN = NO;
				GCC_OPTIMIZATION_LEVEL = 0;
				GCC_PREPROCESSOR_DEFINITIONS = ("'CMAKE_INTDIR=\"$(CONFIGURATION)$(EFFECTIVE_PLATFORM_NAME)\"'");
				GCC_SYMBOLS_PRIVATE_EXTERN = NO;
				INSTALL_PATH = "";
				OTHER_LDFLAGS = " ";
				OTHER_REZFLAGS = "";
				PRODUCT_NAME = ZERO_CHECK;
				SECTORDER_FLAGS = "";
				SYMROOT = "/Users/nan/src/mysql-ios/cmake_build/extra/icu/source/stubdata";
				USE_HEADERMAP = NO;
				WARNING_CFLAGS = ("-Wmost","-Wno-four-char-constants","-Wno-unknown-pragmas","$(inherited)");
			};
			name = Debug;
		};
		A5D631DC44964B8D917B93DE /* RelWithDebInfo */ = {
			isa = XCBuildConfiguration;
			buildSettings = {
				COMBINE_HIDPI_IMAGES = YES;
				GCC_GENERATE_DEBUGGING_SYMBOLS = YES;
				GCC_INLINES_ARE_PRIVATE_EXTERN = NO;
				GCC_OPTIMIZATION_LEVEL = 0;
				GCC_PREPROCESSOR_DEFINITIONS = ("'CMAKE_INTDIR=\"$(CONFIGURATION)$(EFFECTIVE_PLATFORM_NAME)\"'");
				GCC_SYMBOLS_PRIVATE_EXTERN = NO;
				INSTALL_PATH = "";
				OTHER_LDFLAGS = " ";
				OTHER_REZFLAGS = "";
				PRODUCT_NAME = package;
				SECTORDER_FLAGS = "";
				SYMROOT = "/Users/nan/src/mysql-ios/cmake_build/extra/icu/source/stubdata";
				USE_HEADERMAP = NO;
				WARNING_CFLAGS = ("-Wmost","-Wno-four-char-constants","-Wno-unknown-pragmas","$(inherited)");
			};
			name = RelWithDebInfo;
		};
		B17A336EC04644E2903C3C02 /* RelWithDebInfo */ = {
			isa = XCBuildConfiguration;
			buildSettings = {
				MACOSX_DEPLOYMENT_TARGET = 10.13;
				ONLY_ACTIVE_ARCH = YES;
				SDKROOT = "/Applications/Xcode-beta.app/Contents/Developer/Platforms/MacOSX.platform/Developer/SDKs/MacOSX10.14.sdk";
				SYMROOT = "/Users/nan/src/mysql-ios/cmake_build/extra/icu/source/stubdata/build";
			};
			name = RelWithDebInfo;
		};
		BB3206E14AC54AC7BBEA4FF9 /* Debug */ = {
			isa = XCBuildConfiguration;
			buildSettings = {
				COMBINE_HIDPI_IMAGES = YES;
				GCC_GENERATE_DEBUGGING_SYMBOLS = YES;
				GCC_INLINES_ARE_PRIVATE_EXTERN = NO;
				GCC_OPTIMIZATION_LEVEL = 0;
				GCC_PREPROCESSOR_DEFINITIONS = ("'CMAKE_INTDIR=\"$(CONFIGURATION)$(EFFECTIVE_PLATFORM_NAME)\"'");
				GCC_SYMBOLS_PRIVATE_EXTERN = NO;
				INSTALL_PATH = "";
				OTHER_LDFLAGS = " ";
				OTHER_REZFLAGS = "";
				PRODUCT_NAME = package;
				SECTORDER_FLAGS = "";
				SYMROOT = "/Users/nan/src/mysql-ios/cmake_build/extra/icu/source/stubdata";
				USE_HEADERMAP = NO;
				WARNING_CFLAGS = ("-Wmost","-Wno-four-char-constants","-Wno-unknown-pragmas","$(inherited)");
			};
			name = Debug;
		};
		BF07EA9560484C099A1CF450 /* MinSizeRel */ = {
			isa = XCBuildConfiguration;
			buildSettings = {
				COMBINE_HIDPI_IMAGES = YES;
				GCC_GENERATE_DEBUGGING_SYMBOLS = YES;
				GCC_INLINES_ARE_PRIVATE_EXTERN = NO;
				GCC_OPTIMIZATION_LEVEL = 0;
				GCC_PREPROCESSOR_DEFINITIONS = ("'CMAKE_INTDIR=\"$(CONFIGURATION)$(EFFECTIVE_PLATFORM_NAME)\"'");
				GCC_SYMBOLS_PRIVATE_EXTERN = NO;
				INSTALL_PATH = "";
				OTHER_LDFLAGS = " ";
				OTHER_REZFLAGS = "";
				PRODUCT_NAME = ALL_BUILD;
				SECTORDER_FLAGS = "";
				SYMROOT = "/Users/nan/src/mysql-ios/cmake_build/extra/icu/source/stubdata";
				USE_HEADERMAP = NO;
				WARNING_CFLAGS = ("-Wmost","-Wno-four-char-constants","-Wno-unknown-pragmas","$(inherited)");
			};
			name = MinSizeRel;
		};
		C550CA9C5B214141810DD904 /* MinSizeRel */ = {
			isa = XCBuildConfiguration;
			buildSettings = {
				COMBINE_HIDPI_IMAGES = YES;
				EXECUTABLE_PREFIX = lib;
				EXECUTABLE_SUFFIX = .a;
				GCC_GENERATE_DEBUGGING_SYMBOLS = NO;
				GCC_INLINES_ARE_PRIVATE_EXTERN = NO;
				GCC_OPTIMIZATION_LEVEL = s;
				GCC_PREPROCESSOR_DEFINITIONS = ("'CMAKE_INTDIR=\"$(CONFIGURATION)$(EFFECTIVE_PLATFORM_NAME)\"'",HAVE_CONFIG_H,HAVE_OPENSSL,RAPIDJSON_NO_SIZETYPEDEFINE,__STDC_LIMIT_MACROS,__STDC_FORMAT_MACROS,_USE_MATH_DEFINES,HAVE_LIBEVENT1,"'UNISTR_FROM_STRING_EXPLICIT=explicit'","'UNISTR_FROM_CHAR_EXPLICIT=explicit'");
				GCC_SYMBOLS_PRIVATE_EXTERN = NO;
				HEADER_SEARCH_PATHS = ("/Users/nan/src/mysql-ios/mysql/extra/icu/source/stubdata/../common");
				INSTALL_PATH = "";
				LIBRARY_STYLE = STATIC;
				OTHER_CPLUSPLUSFLAGS = "    -DNDEBUG -DDBUG_OFF  ";
				OTHER_LIBTOOLFLAGS = " ";
				OTHER_REZFLAGS = "";
				PRODUCT_NAME = icustubdata;
				SECTORDER_FLAGS = "";
				SYMROOT = "/Users/nan/src/mysql-ios/cmake_build/extra/icu/source/stubdata";
				USE_HEADERMAP = NO;
				WARNING_CFLAGS = ("-Wmost","-Wno-four-char-constants","-Wno-unknown-pragmas","$(inherited)");
			};
			name = MinSizeRel;
		};
		CD871CD12EEB4FC783F83422 /* Release */ = {
			isa = XCBuildConfiguration;
			buildSettings = {
				COMBINE_HIDPI_IMAGES = YES;
				GCC_GENERATE_DEBUGGING_SYMBOLS = YES;
				GCC_INLINES_ARE_PRIVATE_EXTERN = NO;
				GCC_OPTIMIZATION_LEVEL = 0;
				GCC_PREPROCESSOR_DEFINITIONS = ("'CMAKE_INTDIR=\"$(CONFIGURATION)$(EFFECTIVE_PLATFORM_NAME)\"'");
				GCC_SYMBOLS_PRIVATE_EXTERN = NO;
				INSTALL_PATH = "";
				OTHER_LDFLAGS = " ";
				OTHER_REZFLAGS = "";
				PRODUCT_NAME = RUN_TESTS;
				SECTORDER_FLAGS = "";
				SYMROOT = "/Users/nan/src/mysql-ios/cmake_build/extra/icu/source/stubdata";
				USE_HEADERMAP = NO;
				WARNING_CFLAGS = ("-Wmost","-Wno-four-char-constants","-Wno-unknown-pragmas","$(inherited)");
			};
			name = Release;
		};
		D2B560EB1E9D412BA757271B /* Debug */ = {
			isa = XCBuildConfiguration;
			buildSettings = {
				COMBINE_HIDPI_IMAGES = YES;
				GCC_GENERATE_DEBUGGING_SYMBOLS = YES;
				GCC_INLINES_ARE_PRIVATE_EXTERN = NO;
				GCC_OPTIMIZATION_LEVEL = 0;
				GCC_PREPROCESSOR_DEFINITIONS = ("'CMAKE_INTDIR=\"$(CONFIGURATION)$(EFFECTIVE_PLATFORM_NAME)\"'");
				GCC_SYMBOLS_PRIVATE_EXTERN = NO;
				INSTALL_PATH = "";
				OTHER_LDFLAGS = " ";
				OTHER_REZFLAGS = "";
				PRODUCT_NAME = ALL_BUILD;
				SECTORDER_FLAGS = "";
				SYMROOT = "/Users/nan/src/mysql-ios/cmake_build/extra/icu/source/stubdata";
				USE_HEADERMAP = NO;
				WARNING_CFLAGS = ("-Wmost","-Wno-four-char-constants","-Wno-unknown-pragmas","$(inherited)");
			};
			name = Debug;
		};
		D38BDDEDB0EE432AB0BD9C70 /* RelWithDebInfo */ = {
			isa = XCBuildConfiguration;
			buildSettings = {
				COMBINE_HIDPI_IMAGES = YES;
				GCC_GENERATE_DEBUGGING_SYMBOLS = YES;
				GCC_INLINES_ARE_PRIVATE_EXTERN = NO;
				GCC_OPTIMIZATION_LEVEL = 0;
				GCC_PREPROCESSOR_DEFINITIONS = ("'CMAKE_INTDIR=\"$(CONFIGURATION)$(EFFECTIVE_PLATFORM_NAME)\"'");
				GCC_SYMBOLS_PRIVATE_EXTERN = NO;
				INSTALL_PATH = "";
				OTHER_LDFLAGS = " ";
				OTHER_REZFLAGS = "";
				PRODUCT_NAME = ALL_BUILD;
				SECTORDER_FLAGS = "";
				SYMROOT = "/Users/nan/src/mysql-ios/cmake_build/extra/icu/source/stubdata";
				USE_HEADERMAP = NO;
				WARNING_CFLAGS = ("-Wmost","-Wno-four-char-constants","-Wno-unknown-pragmas","$(inherited)");
			};
			name = RelWithDebInfo;
		};
		D499B93C371C43F5AC5BD5EC /* Release */ = {
			isa = XCBuildConfiguration;
			buildSettings = {
				COMBINE_HIDPI_IMAGES = YES;
				GCC_GENERATE_DEBUGGING_SYMBOLS = YES;
				GCC_INLINES_ARE_PRIVATE_EXTERN = NO;
				GCC_OPTIMIZATION_LEVEL = 0;
				GCC_PREPROCESSOR_DEFINITIONS = ("'CMAKE_INTDIR=\"$(CONFIGURATION)$(EFFECTIVE_PLATFORM_NAME)\"'");
				GCC_SYMBOLS_PRIVATE_EXTERN = NO;
				INSTALL_PATH = "";
				OTHER_LDFLAGS = " ";
				OTHER_REZFLAGS = "";
				PRODUCT_NAME = install;
				SECTORDER_FLAGS = "";
				SYMROOT = "/Users/nan/src/mysql-ios/cmake_build/extra/icu/source/stubdata";
				USE_HEADERMAP = NO;
				WARNING_CFLAGS = ("-Wmost","-Wno-four-char-constants","-Wno-unknown-pragmas","$(inherited)");
			};
			name = Release;
		};
		DB950141B46343F6BE4BE1A4 /* Debug */ = {
			isa = XCBuildConfiguration;
			buildSettings = {
				COMBINE_HIDPI_IMAGES = YES;
				EXECUTABLE_PREFIX = lib;
				EXECUTABLE_SUFFIX = .a;
				GCC_GENERATE_DEBUGGING_SYMBOLS = YES;
				GCC_INLINES_ARE_PRIVATE_EXTERN = NO;
				GCC_OPTIMIZATION_LEVEL = 0;
				GCC_PREPROCESSOR_DEFINITIONS = ("'CMAKE_INTDIR=\"$(CONFIGURATION)$(EFFECTIVE_PLATFORM_NAME)\"'",HAVE_CONFIG_H,HAVE_OPENSSL,RAPIDJSON_NO_SIZETYPEDEFINE,__STDC_LIMIT_MACROS,__STDC_FORMAT_MACROS,_USE_MATH_DEFINES,HAVE_LIBEVENT1,"'UNISTR_FROM_STRING_EXPLICIT=explicit'","'UNISTR_FROM_CHAR_EXPLICIT=explicit'");
				GCC_SYMBOLS_PRIVATE_EXTERN = NO;
				HEADER_SEARCH_PATHS = ("/Users/nan/src/mysql-ios/mysql/extra/icu/source/stubdata/../common");
				INSTALL_PATH = "";
				LIBRARY_STYLE = STATIC;
				OTHER_CPLUSPLUSFLAGS = "-fPIC    -fno-omit-frame-pointer -std=c++11  -DENABLED_DEBUG_SYNC -DSAFE_MUTEX  ";
				OTHER_LIBTOOLFLAGS = " ";
				OTHER_REZFLAGS = "";
				PRODUCT_NAME = icustubdata;
				SECTORDER_FLAGS = "";
				SYMROOT = "/Users/nan/src/mysql-ios/cmake_build/extra/icu/source/stubdata";
				USE_HEADERMAP = NO;
				WARNING_CFLAGS = ("-Wmost","-Wno-four-char-constants","-Wno-unknown-pragmas","$(inherited)");
			};
			name = Debug;
		};
		EE328DB6C1514FDFAED956BA /* Release */ = {
			isa = XCBuildConfiguration;
			buildSettings = {
				COMBINE_HIDPI_IMAGES = YES;
				GCC_GENERATE_DEBUGGING_SYMBOLS = YES;
				GCC_INLINES_ARE_PRIVATE_EXTERN = NO;
				GCC_OPTIMIZATION_LEVEL = 0;
				GCC_PREPROCESSOR_DEFINITIONS = ("'CMAKE_INTDIR=\"$(CONFIGURATION)$(EFFECTIVE_PLATFORM_NAME)\"'");
				GCC_SYMBOLS_PRIVATE_EXTERN = NO;
				INSTALL_PATH = "";
				OTHER_LDFLAGS = " ";
				OTHER_REZFLAGS = "";
				PRODUCT_NAME = package;
				SECTORDER_FLAGS = "";
				SYMROOT = "/Users/nan/src/mysql-ios/cmake_build/extra/icu/source/stubdata";
				USE_HEADERMAP = NO;
				WARNING_CFLAGS = ("-Wmost","-Wno-four-char-constants","-Wno-unknown-pragmas","$(inherited)");
			};
			name = Release;
		};
		F81FCF9951664176A1703984 /* Debug */ = {
			isa = XCBuildConfiguration;
			buildSettings = {
				MACOSX_DEPLOYMENT_TARGET = 10.13;
				ONLY_ACTIVE_ARCH = YES;
				SDKROOT = "/Applications/Xcode-beta.app/Contents/Developer/Platforms/MacOSX.platform/Developer/SDKs/MacOSX10.14.sdk";
				SYMROOT = "/Users/nan/src/mysql-ios/cmake_build/extra/icu/source/stubdata/build";
			};
			name = Debug;
		};
/* End XCBuildConfiguration section */

/* Begin XCConfigurationList section */
		62CCA830BFE54B7A8CAFB21D /* Build configuration list for PBXNativeTarget "icustubdata" */ = {
			isa = XCConfigurationList;
			buildConfigurations = (
				DB950141B46343F6BE4BE1A4 /* Debug */,
				94D4EDB74C0A4E3390255894 /* Release */,
				C550CA9C5B214141810DD904 /* MinSizeRel */,
				4917E9FD00F3427D8FA0B755 /* RelWithDebInfo */,
			);
			defaultConfigurationIsVisible = 0;
			defaultConfigurationName = Debug;
		};
		79CDACB7EADE4C808CF38EFE /* Build configuration list for PBXAggregateTarget "package" */ = {
			isa = XCConfigurationList;
			buildConfigurations = (
				BB3206E14AC54AC7BBEA4FF9 /* Debug */,
				EE328DB6C1514FDFAED956BA /* Release */,
				85C8F80FCE9A42DD8B8EC2CE /* MinSizeRel */,
				A5D631DC44964B8D917B93DE /* RelWithDebInfo */,
			);
			defaultConfigurationIsVisible = 0;
			defaultConfigurationName = Debug;
		};
		7F1438FB33904786A7C1C3D5 /* Build configuration list for PBXAggregateTarget "ZERO_CHECK" */ = {
			isa = XCConfigurationList;
			buildConfigurations = (
				95BD27A606C04C088A01297C /* Debug */,
				392830D3A2E34FB0B12D8303 /* Release */,
				493FE2F970D84959AFE857F4 /* MinSizeRel */,
				8D01A8711561472DB4F0415A /* RelWithDebInfo */,
			);
			defaultConfigurationIsVisible = 0;
			defaultConfigurationName = Debug;
		};
		ADDE5D4FF9A24A6C90BDC0D9 /* Build configuration list for PBXAggregateTarget "ALL_BUILD" */ = {
			isa = XCConfigurationList;
			buildConfigurations = (
				D2B560EB1E9D412BA757271B /* Debug */,
				8E79D2BE8EC94A0E8B6376EA /* Release */,
				BF07EA9560484C099A1CF450 /* MinSizeRel */,
				D38BDDEDB0EE432AB0BD9C70 /* RelWithDebInfo */,
			);
			defaultConfigurationIsVisible = 0;
			defaultConfigurationName = Debug;
		};
		B5D8592AD9E7458FB94A723F /* Build configuration list for PBXProject "ICU-stubdata" */ = {
			isa = XCConfigurationList;
			buildConfigurations = (
				F81FCF9951664176A1703984 /* Debug */,
				93A5A58ED8744556B57C3AC3 /* Release */,
				10948AC80D74459CA33A0FFB /* MinSizeRel */,
				B17A336EC04644E2903C3C02 /* RelWithDebInfo */,
			);
			defaultConfigurationIsVisible = 0;
			defaultConfigurationName = Debug;
		};
		D42FB619421F47E69742E79C /* Build configuration list for PBXAggregateTarget "RUN_TESTS" */ = {
			isa = XCConfigurationList;
			buildConfigurations = (
				93AD541346FF46C7B7C08A3B /* Debug */,
				CD871CD12EEB4FC783F83422 /* Release */,
				83CC84A809664E709806B228 /* MinSizeRel */,
				65ADF0BF9EB34F5FB1D40A44 /* RelWithDebInfo */,
			);
			defaultConfigurationIsVisible = 0;
			defaultConfigurationName = Debug;
		};
		DB390BC44C9742AB88A6BA93 /* Build configuration list for PBXAggregateTarget "install" */ = {
			isa = XCConfigurationList;
			buildConfigurations = (
				71E40A1343014363A637B086 /* Debug */,
				D499B93C371C43F5AC5BD5EC /* Release */,
				100D90AD8A014CC684A10751 /* MinSizeRel */,
				6856AEC4B9B047F5955E1C0D /* RelWithDebInfo */,
			);
			defaultConfigurationIsVisible = 0;
			defaultConfigurationName = Debug;
		};
/* End XCConfigurationList section */
	};
	rootObject = FE0FFDE3DA74463C97AB48FB /* Project object */;
}
