// !$*UTF8*$!
{
	archiveVersion = 1;
	classes = {
	};
	objectVersion = 46;
	objects = {

/* Begin PBXAggregateTarget section */
		058A01D9F4074D7D8985BCC5 /* RUN_TESTS */ = {
			isa = PBXAggregateTarget;
			buildConfigurationList = 0BAABF82B7254D1DB3C78041 /* Build configuration list for PBXAggregateTarget "RUN_TESTS" */;
			buildPhases = (
				1FD3C6A06A08409F89CB3CE5 /* CMake PostBuild Rules */,
			);
			dependencies = (
			);
			name = RUN_TESTS;
			productName = RUN_TESTS;
		};
		204DE0D195C04140B585EFB3 /* package */ = {
			isa = PBXAggregateTarget;
			buildConfigurationList = 9A4F043B2EDC4C25AF8B57D6 /* Build configuration list for PBXAggregateTarget "package" */;
			buildPhases = (
				593E3F36E8F749869666636E /* CMake PostBuild Rules */,
			);
			dependencies = (
				282BF1453B884DDAABD8EBBA /* PBXTargetDependency */,
			);
			name = package;
			productName = package;
		};
		60923786C9B5468F9097DC6F /* ZERO_CHECK */ = {
			isa = PBXAggregateTarget;
			buildConfigurationList = D4F18DF4A49F4C7CB6818750 /* Build configuration list for PBXAggregateTarget "ZERO_CHECK" */;
			buildPhases = (
				5D93258662894C3AA26EB788 /* CMake Rules */,
			);
			dependencies = (
			);
			name = ZERO_CHECK;
			productName = ZERO_CHECK;
		};
		87C038C410C34E9394FD9D15 /* ALL_BUILD */ = {
			isa = PBXAggregateTarget;
			buildConfigurationList = CE2CF2786CDA4DCBA6D47497 /* Build configuration list for PBXAggregateTarget "ALL_BUILD" */;
			buildPhases = (
				B102105F22A54D5C81DD0833 /* CMake Rules */,
			);
			dependencies = (
				F4F2F4A51CE542C48B14015D /* PBXTargetDependency */,
				B610BDF559B04F8D9E19FF8D /* PBXTargetDependency */,
			);
			name = ALL_BUILD;
			productName = ALL_BUILD;
		};
		C4F85BD133B84E23BDED8575 /* install */ = {
			isa = PBXAggregateTarget;
			buildConfigurationList = 9B7DE20919C64FE683435DD1 /* Build configuration list for PBXAggregateTarget "install" */;
			buildPhases = (
				8F1B33AB8D4D4045B11CD771 /* CMake PostBuild Rules */,
			);
			dependencies = (
				E7825756DCD84842A10789C4 /* PBXTargetDependency */,
			);
			name = install;
			productName = install;
		};
/* End PBXAggregateTarget section */

/* Begin PBXBuildFile section */
		052DB76C6726419FA4D1ABCE /* /Users/nan/src/mysql-ios/mysql/extra/zlib/trees.c */ = {isa = PBXBuildFile; fileRef = 72B4CC37F8BE49A993DFBC99 /* /Users/nan/src/mysql-ios/mysql/extra/zlib/trees.c */; };
		05B4459FD58243A8A14A186F /* /Users/nan/src/mysql-ios/mysql/extra/zlib/inflate.c */ = {isa = PBXBuildFile; fileRef = 44EA5901C7A24048B44E7988 /* /Users/nan/src/mysql-ios/mysql/extra/zlib/inflate.c */; };
		096791F932A64AF39D30E840 /* /Users/nan/src/mysql-ios/mysql/extra/zlib/compress.c */ = {isa = PBXBuildFile; fileRef = 47B2F459F49143A287A69F41 /* /Users/nan/src/mysql-ios/mysql/extra/zlib/compress.c */; };
		134A0EDB3AED49EE88A56CAB /* /Users/nan/src/mysql-ios/mysql/extra/zlib/CMakeLists.txt */ = {isa = PBXBuildFile; fileRef = EFAF423E8EAC4BBD9082930D /* /Users/nan/src/mysql-ios/mysql/extra/zlib/CMakeLists.txt */; };
		20A59182318A4B5D8A01520B /* /Users/nan/src/mysql-ios/mysql/extra/zlib/inftrees.h */ = {isa = PBXBuildFile; fileRef = 17CF99A6809C48EA8DE534DC /* /Users/nan/src/mysql-ios/mysql/extra/zlib/inftrees.h */; };
		28961B2C281746F2A08ECCD6 /* /Users/nan/src/mysql-ios/mysql/extra/zlib/crc32.h */ = {isa = PBXBuildFile; fileRef = 2CE4ABA9AB404DDDABF812E0 /* /Users/nan/src/mysql-ios/mysql/extra/zlib/crc32.h */; };
		357073A81EA14367B1E52D03 /* /Users/nan/src/mysql-ios/mysql/extra/zlib/inflate.h */ = {isa = PBXBuildFile; fileRef = 4B14AD7BA6E44A0B95751838 /* /Users/nan/src/mysql-ios/mysql/extra/zlib/inflate.h */; };
		3BA09D02C42A41A5B0B18CC6 /* /Users/nan/src/mysql-ios/mysql/extra/zlib/uncompr.c */ = {isa = PBXBuildFile; fileRef = 8A42D1C599A3444782BD65C0 /* /Users/nan/src/mysql-ios/mysql/extra/zlib/uncompr.c */; };
		3DB59BED835449798C5E2928 /* /Users/nan/src/mysql-ios/mysql/extra/zlib/gzwrite.c */ = {isa = PBXBuildFile; fileRef = B458E91DFAE94CE185486107 /* /Users/nan/src/mysql-ios/mysql/extra/zlib/gzwrite.c */; };
		5C2C3FE59410469EB5AABF4F /* /Users/nan/src/mysql-ios/mysql/extra/zlib/inftrees.c */ = {isa = PBXBuildFile; fileRef = C3119E30CFC944AD89D7B791 /* /Users/nan/src/mysql-ios/mysql/extra/zlib/inftrees.c */; };
		66BDF979DF784B41A3B3365E /* /Users/nan/src/mysql-ios/mysql/extra/zlib/inffixed.h */ = {isa = PBXBuildFile; fileRef = DD80CB6567D14ED099995435 /* /Users/nan/src/mysql-ios/mysql/extra/zlib/inffixed.h */; };
		69A4BE570A0C44189F0453C2 /* /Users/nan/src/mysql-ios/mysql/extra/zlib/adler32.c */ = {isa = PBXBuildFile; fileRef = B76E2C91A5124EE391F4A687 /* /Users/nan/src/mysql-ios/mysql/extra/zlib/adler32.c */; };
		8361194A1640430693CDF7DF /* /Users/nan/src/mysql-ios/mysql/extra/zlib/gzread.c */ = {isa = PBXBuildFile; fileRef = B1B9DF1468D94ECBB1D37F11 /* /Users/nan/src/mysql-ios/mysql/extra/zlib/gzread.c */; };
		8F4A275F8B0D418DB9998ACF /* /Users/nan/src/mysql-ios/mysql/extra/zlib/zutil.c */ = {isa = PBXBuildFile; fileRef = 4AEAE697AFB84F5DBF5B9675 /* /Users/nan/src/mysql-ios/mysql/extra/zlib/zutil.c */; };
		A191CA124C9047D9AB9E3AAE /* /Users/nan/src/mysql-ios/mysql/extra/zlib/trees.h */ = {isa = PBXBuildFile; fileRef = 80189BC03ABE4C40BDE4BD0D /* /Users/nan/src/mysql-ios/mysql/extra/zlib/trees.h */; };
		A1B19A13728A4286B1B01B92 /* /Users/nan/src/mysql-ios/mysql/extra/zlib/zlib.h */ = {isa = PBXBuildFile; fileRef = C7F586A774B542DAB7B1165A /* /Users/nan/src/mysql-ios/mysql/extra/zlib/zlib.h */; };
		A3391E4DAB93466B825C571C /* /Users/nan/src/mysql-ios/mysql/extra/zlib/deflate.h */ = {isa = PBXBuildFile; fileRef = CD2B7AF9F12348449ADDBFB1 /* /Users/nan/src/mysql-ios/mysql/extra/zlib/deflate.h */; };
		ACD2801B8CAB4F8C86AB4174 /* /Users/nan/src/mysql-ios/build_ios/extra/zlib/zconf.h */ = {isa = PBXBuildFile; fileRef = C32A665A58D54A75BB1A485D /* /Users/nan/src/mysql-ios/build_ios/extra/zlib/zconf.h */; };
		B18684B9F246427FBA65D867 /* /Users/nan/src/mysql-ios/mysql/extra/zlib/gzguts.h */ = {isa = PBXBuildFile; fileRef = 1259642C4548439982E2426D /* /Users/nan/src/mysql-ios/mysql/extra/zlib/gzguts.h */; };
		B78FCA2BD7F44B91B280F365 /* /Users/nan/src/mysql-ios/mysql/extra/zlib/zutil.h */ = {isa = PBXBuildFile; fileRef = 405AEA321DF1440BAC24503A /* /Users/nan/src/mysql-ios/mysql/extra/zlib/zutil.h */; };
		B7D9EBE467904B99A01B7973 /* /Users/nan/src/mysql-ios/mysql/extra/zlib/infback.c */ = {isa = PBXBuildFile; fileRef = 35EA102960AC4AFBB158A26B /* /Users/nan/src/mysql-ios/mysql/extra/zlib/infback.c */; };
		C0B43416E1544879825B8CF3 /* /Users/nan/src/mysql-ios/mysql/extra/zlib/crc32.c */ = {isa = PBXBuildFile; fileRef = BB5BC247A04D47F284FE2F7E /* /Users/nan/src/mysql-ios/mysql/extra/zlib/crc32.c */; };
		C6AAF36626D14263ACCD9994 /* /Users/nan/src/mysql-ios/mysql/extra/zlib/gzclose.c */ = {isa = PBXBuildFile; fileRef = EC8D92CD310C43489B4A7213 /* /Users/nan/src/mysql-ios/mysql/extra/zlib/gzclose.c */; };
		D722E4760DC3459A979BDA0E /* /Users/nan/src/mysql-ios/mysql/extra/zlib/gzlib.c */ = {isa = PBXBuildFile; fileRef = 9BC3FF4C6AD146ECB68BDBC3 /* /Users/nan/src/mysql-ios/mysql/extra/zlib/gzlib.c */; };
		E43FE82DD1644764A7202241 /* /Users/nan/src/mysql-ios/mysql/extra/zlib/deflate.c */ = {isa = PBXBuildFile; fileRef = EA8A66909B0843B1956B9623 /* /Users/nan/src/mysql-ios/mysql/extra/zlib/deflate.c */; };
		EC1C91CA2D644C159CAFE176 /* /Users/nan/src/mysql-ios/mysql/extra/zlib/inffast.h */ = {isa = PBXBuildFile; fileRef = 4B2F98BB0D8D4E3D9A6E014A /* /Users/nan/src/mysql-ios/mysql/extra/zlib/inffast.h */; };
		FD1116494F78450A9A6C5E3F /* /Users/nan/src/mysql-ios/mysql/extra/zlib/inffast.c */ = {isa = PBXBuildFile; fileRef = 9AD90987C7304BB182654EC0 /* /Users/nan/src/mysql-ios/mysql/extra/zlib/inffast.c */; };
/* End PBXBuildFile section */

/* Begin PBXBuildStyle section */
		754A09AB892D4B94B445FF89 /* MinSizeRel */ = {
			isa = PBXBuildStyle;
			buildSettings = {
				COPY_PHASE_STRIP = NO;
			};
			name = MinSizeRel;
		};
		83A364E607FD43129B689856 /* RelWithDebInfo */ = {
			isa = PBXBuildStyle;
			buildSettings = {
				COPY_PHASE_STRIP = NO;
			};
			name = RelWithDebInfo;
		};
		CB6040C8ABB4478BB1597B45 /* Debug */ = {
			isa = PBXBuildStyle;
			buildSettings = {
				COPY_PHASE_STRIP = NO;
			};
			name = Debug;
		};
		E84C5C6CF3EE439FABB2108D /* Release */ = {
			isa = PBXBuildStyle;
			buildSettings = {
				COPY_PHASE_STRIP = NO;
			};
			name = Release;
		};
/* End PBXBuildStyle section */

/* Begin PBXContainerItemProxy section */
		1C8B953A6BAD490481162234 /* PBXContainerItemProxy */ = {
			isa = PBXContainerItemProxy;
			containerPortal = AE41B741623441E49A1CC4C0 /* Project object */;
			proxyType = 1;
			remoteGlobalIDString = 60923786C9B5468F9097DC6F;
			remoteInfo = ZERO_CHECK;
		};
		34E453BEB3B642B893E1D055 /* PBXContainerItemProxy */ = {
			isa = PBXContainerItemProxy;
			containerPortal = AE41B741623441E49A1CC4C0 /* Project object */;
			proxyType = 1;
			remoteGlobalIDString = 87C038C410C34E9394FD9D15;
			remoteInfo = ALL_BUILD;
		};
		67F15AF2F9D34C8DB142E9D0 /* PBXContainerItemProxy */ = {
			isa = PBXContainerItemProxy;
			containerPortal = AE41B741623441E49A1CC4C0 /* Project object */;
			proxyType = 1;
			remoteGlobalIDString = B10D6769AEBD4D94BB60435C;
			remoteInfo = zlib;
		};
		AF91377D17174FDB8224A196 /* PBXContainerItemProxy */ = {
			isa = PBXContainerItemProxy;
			containerPortal = AE41B741623441E49A1CC4C0 /* Project object */;
			proxyType = 1;
			remoteGlobalIDString = 60923786C9B5468F9097DC6F;
			remoteInfo = ZERO_CHECK;
		};
		FE8ED92E9506459F91C55F0D /* PBXContainerItemProxy */ = {
			isa = PBXContainerItemProxy;
			containerPortal = AE41B741623441E49A1CC4C0 /* Project object */;
			proxyType = 1;
			remoteGlobalIDString = 87C038C410C34E9394FD9D15;
			remoteInfo = ALL_BUILD;
		};
/* End PBXContainerItemProxy section */

/* Begin PBXFileReference section */
		1259642C4548439982E2426D /* /Users/nan/src/mysql-ios/mysql/extra/zlib/gzguts.h */ = {isa = PBXFileReference; explicitFileType = sourcecode.c.h; fileEncoding = 4; name = gzguts.h; path = gzguts.h; sourceTree = SOURCE_ROOT; };
		17CF99A6809C48EA8DE534DC /* /Users/nan/src/mysql-ios/mysql/extra/zlib/inftrees.h */ = {isa = PBXFileReference; explicitFileType = sourcecode.c.h; fileEncoding = 4; name = inftrees.h; path = inftrees.h; sourceTree = SOURCE_ROOT; };
		2CE4ABA9AB404DDDABF812E0 /* /Users/nan/src/mysql-ios/mysql/extra/zlib/crc32.h */ = {isa = PBXFileReference; explicitFileType = sourcecode.c.h; fileEncoding = 4; name = crc32.h; path = crc32.h; sourceTree = SOURCE_ROOT; };
		35EA102960AC4AFBB158A26B /* /Users/nan/src/mysql-ios/mysql/extra/zlib/infback.c */ = {isa = PBXFileReference; explicitFileType = sourcecode.c.c; fileEncoding = 4; name = infback.c; path = infback.c; sourceTree = SOURCE_ROOT; };
		405AEA321DF1440BAC24503A /* /Users/nan/src/mysql-ios/mysql/extra/zlib/zutil.h */ = {isa = PBXFileReference; explicitFileType = sourcecode.c.h; fileEncoding = 4; name = zutil.h; path = zutil.h; sourceTree = SOURCE_ROOT; };
		44EA5901C7A24048B44E7988 /* /Users/nan/src/mysql-ios/mysql/extra/zlib/inflate.c */ = {isa = PBXFileReference; explicitFileType = sourcecode.c.c; fileEncoding = 4; name = inflate.c; path = inflate.c; sourceTree = SOURCE_ROOT; };
		47B2F459F49143A287A69F41 /* /Users/nan/src/mysql-ios/mysql/extra/zlib/compress.c */ = {isa = PBXFileReference; explicitFileType = sourcecode.c.c; fileEncoding = 4; name = compress.c; path = compress.c; sourceTree = SOURCE_ROOT; };
		4AEAE697AFB84F5DBF5B9675 /* /Users/nan/src/mysql-ios/mysql/extra/zlib/zutil.c */ = {isa = PBXFileReference; explicitFileType = sourcecode.c.c; fileEncoding = 4; name = zutil.c; path = zutil.c; sourceTree = SOURCE_ROOT; };
		4B14AD7BA6E44A0B95751838 /* /Users/nan/src/mysql-ios/mysql/extra/zlib/inflate.h */ = {isa = PBXFileReference; explicitFileType = sourcecode.c.h; fileEncoding = 4; name = inflate.h; path = inflate.h; sourceTree = SOURCE_ROOT; };
		4B2F98BB0D8D4E3D9A6E014A /* /Users/nan/src/mysql-ios/mysql/extra/zlib/inffast.h */ = {isa = PBXFileReference; explicitFileType = sourcecode.c.h; fileEncoding = 4; name = inffast.h; path = inffast.h; sourceTree = SOURCE_ROOT; };
		5F22D816EE8248C288EA6A46 /* zlib */ = {isa = PBXFileReference; explicitFileType = archive.ar; path = libz.a; sourceTree = BUILT_PRODUCTS_DIR; };
		72B4CC37F8BE49A993DFBC99 /* /Users/nan/src/mysql-ios/mysql/extra/zlib/trees.c */ = {isa = PBXFileReference; explicitFileType = sourcecode.c.c; fileEncoding = 4; name = trees.c; path = trees.c; sourceTree = SOURCE_ROOT; };
		80189BC03ABE4C40BDE4BD0D /* /Users/nan/src/mysql-ios/mysql/extra/zlib/trees.h */ = {isa = PBXFileReference; explicitFileType = sourcecode.c.h; fileEncoding = 4; name = trees.h; path = trees.h; sourceTree = SOURCE_ROOT; };
		8A42D1C599A3444782BD65C0 /* /Users/nan/src/mysql-ios/mysql/extra/zlib/uncompr.c */ = {isa = PBXFileReference; explicitFileType = sourcecode.c.c; fileEncoding = 4; name = uncompr.c; path = uncompr.c; sourceTree = SOURCE_ROOT; };
		9AD90987C7304BB182654EC0 /* /Users/nan/src/mysql-ios/mysql/extra/zlib/inffast.c */ = {isa = PBXFileReference; explicitFileType = sourcecode.c.c; fileEncoding = 4; name = inffast.c; path = inffast.c; sourceTree = SOURCE_ROOT; };
		9BC3FF4C6AD146ECB68BDBC3 /* /Users/nan/src/mysql-ios/mysql/extra/zlib/gzlib.c */ = {isa = PBXFileReference; explicitFileType = sourcecode.c.c; fileEncoding = 4; name = gzlib.c; path = gzlib.c; sourceTree = SOURCE_ROOT; };
		A82558A756C247ADA5BA74AA /* /Users/nan/src/mysql-ios/mysql/extra/zlib/CMakeLists.txt */ = {isa = PBXFileReference; explicitFileType = sourcecode.text; fileEncoding = 4; name = CMakeLists.txt; path = CMakeLists.txt; sourceTree = SOURCE_ROOT; };
		B1B9DF1468D94ECBB1D37F11 /* /Users/nan/src/mysql-ios/mysql/extra/zlib/gzread.c */ = {isa = PBXFileReference; explicitFileType = sourcecode.c.c; fileEncoding = 4; name = gzread.c; path = gzread.c; sourceTree = SOURCE_ROOT; };
		B458E91DFAE94CE185486107 /* /Users/nan/src/mysql-ios/mysql/extra/zlib/gzwrite.c */ = {isa = PBXFileReference; explicitFileType = sourcecode.c.c; fileEncoding = 4; name = gzwrite.c; path = gzwrite.c; sourceTree = SOURCE_ROOT; };
		B76E2C91A5124EE391F4A687 /* /Users/nan/src/mysql-ios/mysql/extra/zlib/adler32.c */ = {isa = PBXFileReference; explicitFileType = sourcecode.c.c; fileEncoding = 4; name = adler32.c; path = adler32.c; sourceTree = SOURCE_ROOT; };
		BB5BC247A04D47F284FE2F7E /* /Users/nan/src/mysql-ios/mysql/extra/zlib/crc32.c */ = {isa = PBXFileReference; explicitFileType = sourcecode.c.c; fileEncoding = 4; name = crc32.c; path = crc32.c; sourceTree = SOURCE_ROOT; };
		C3119E30CFC944AD89D7B791 /* /Users/nan/src/mysql-ios/mysql/extra/zlib/inftrees.c */ = {isa = PBXFileReference; explicitFileType = sourcecode.c.c; fileEncoding = 4; name = inftrees.c; path = inftrees.c; sourceTree = SOURCE_ROOT; };
		C32A665A58D54A75BB1A485D /* /Users/nan/src/mysql-ios/build_ios/extra/zlib/zconf.h */ = {isa = PBXFileReference; explicitFileType = sourcecode.c.h; fileEncoding = 4; name = zconf.h; path = ../../../build_ios/extra/zlib/zconf.h; sourceTree = SOURCE_ROOT; };
		C7F586A774B542DAB7B1165A /* /Users/nan/src/mysql-ios/mysql/extra/zlib/zlib.h */ = {isa = PBXFileReference; explicitFileType = sourcecode.c.h; fileEncoding = 4; name = zlib.h; path = zlib.h; sourceTree = SOURCE_ROOT; };
		CD2B7AF9F12348449ADDBFB1 /* /Users/nan/src/mysql-ios/mysql/extra/zlib/deflate.h */ = {isa = PBXFileReference; explicitFileType = sourcecode.c.h; fileEncoding = 4; name = deflate.h; path = deflate.h; sourceTree = SOURCE_ROOT; };
		DD80CB6567D14ED099995435 /* /Users/nan/src/mysql-ios/mysql/extra/zlib/inffixed.h */ = {isa = PBXFileReference; explicitFileType = sourcecode.c.h; fileEncoding = 4; name = inffixed.h; path = inffixed.h; sourceTree = SOURCE_ROOT; };
		EA8A66909B0843B1956B9623 /* /Users/nan/src/mysql-ios/mysql/extra/zlib/deflate.c */ = {isa = PBXFileReference; explicitFileType = sourcecode.c.c; fileEncoding = 4; name = deflate.c; path = deflate.c; sourceTree = SOURCE_ROOT; };
		EC8D92CD310C43489B4A7213 /* /Users/nan/src/mysql-ios/mysql/extra/zlib/gzclose.c */ = {isa = PBXFileReference; explicitFileType = sourcecode.c.c; fileEncoding = 4; name = gzclose.c; path = gzclose.c; sourceTree = SOURCE_ROOT; };
		EFAF423E8EAC4BBD9082930D /* /Users/nan/src/mysql-ios/mysql/extra/zlib/CMakeLists.txt */ = {isa = PBXFileReference; explicitFileType = sourcecode.text; fileEncoding = 4; name = CMakeLists.txt; path = CMakeLists.txt; sourceTree = SOURCE_ROOT; };
/* End PBXFileReference section */

/* Begin PBXGroup section */
		0FE08AFCD2D548AE9A32BB13 = {
			isa = PBXGroup;
			children = (
				CBBBCB48EBCF4400A5F2EBAA /* zlib */,
				433913B6604E4C1FAEB05EC1 /* ALL_BUILD */,
				0FFE0989DD0C4CFF966125FD /* Products */,
			);
			sourceTree = "<group>";
		};
		0FFE0989DD0C4CFF966125FD /* Products */ = {
			isa = PBXGroup;
			children = (
				5F22D816EE8248C288EA6A46 /* zlib */,
			);
			name = Products;
			sourceTree = "<group>";
		};
		433913B6604E4C1FAEB05EC1 /* ALL_BUILD */ = {
			isa = PBXGroup;
			children = (
				B66C29F5475141DFAD9BF268 /* CMake Rules */,
				A82558A756C247ADA5BA74AA /* /Users/nan/src/mysql-ios/mysql/extra/zlib/CMakeLists.txt */,
			);
			name = ALL_BUILD;
			sourceTree = "<group>";
		};
		7667C2EBCF18450BAE81721B /* Header Files */ = {
			isa = PBXGroup;
			children = (
				C32A665A58D54A75BB1A485D /* /Users/nan/src/mysql-ios/build_ios/extra/zlib/zconf.h */,
				2CE4ABA9AB404DDDABF812E0 /* /Users/nan/src/mysql-ios/mysql/extra/zlib/crc32.h */,
				CD2B7AF9F12348449ADDBFB1 /* /Users/nan/src/mysql-ios/mysql/extra/zlib/deflate.h */,
				1259642C4548439982E2426D /* /Users/nan/src/mysql-ios/mysql/extra/zlib/gzguts.h */,
				4B2F98BB0D8D4E3D9A6E014A /* /Users/nan/src/mysql-ios/mysql/extra/zlib/inffast.h */,
				DD80CB6567D14ED099995435 /* /Users/nan/src/mysql-ios/mysql/extra/zlib/inffixed.h */,
				4B14AD7BA6E44A0B95751838 /* /Users/nan/src/mysql-ios/mysql/extra/zlib/inflate.h */,
				17CF99A6809C48EA8DE534DC /* /Users/nan/src/mysql-ios/mysql/extra/zlib/inftrees.h */,
				80189BC03ABE4C40BDE4BD0D /* /Users/nan/src/mysql-ios/mysql/extra/zlib/trees.h */,
				C7F586A774B542DAB7B1165A /* /Users/nan/src/mysql-ios/mysql/extra/zlib/zlib.h */,
				405AEA321DF1440BAC24503A /* /Users/nan/src/mysql-ios/mysql/extra/zlib/zutil.h */,
			);
			name = "Header Files";
			sourceTree = "<group>";
		};
		7AC96F6F5E6B44A291170093 /* Source Files */ = {
			isa = PBXGroup;
			children = (
				B76E2C91A5124EE391F4A687 /* /Users/nan/src/mysql-ios/mysql/extra/zlib/adler32.c */,
				47B2F459F49143A287A69F41 /* /Users/nan/src/mysql-ios/mysql/extra/zlib/compress.c */,
				BB5BC247A04D47F284FE2F7E /* /Users/nan/src/mysql-ios/mysql/extra/zlib/crc32.c */,
				EA8A66909B0843B1956B9623 /* /Users/nan/src/mysql-ios/mysql/extra/zlib/deflate.c */,
				EC8D92CD310C43489B4A7213 /* /Users/nan/src/mysql-ios/mysql/extra/zlib/gzclose.c */,
				9BC3FF4C6AD146ECB68BDBC3 /* /Users/nan/src/mysql-ios/mysql/extra/zlib/gzlib.c */,
				B1B9DF1468D94ECBB1D37F11 /* /Users/nan/src/mysql-ios/mysql/extra/zlib/gzread.c */,
				B458E91DFAE94CE185486107 /* /Users/nan/src/mysql-ios/mysql/extra/zlib/gzwrite.c */,
				35EA102960AC4AFBB158A26B /* /Users/nan/src/mysql-ios/mysql/extra/zlib/infback.c */,
				9AD90987C7304BB182654EC0 /* /Users/nan/src/mysql-ios/mysql/extra/zlib/inffast.c */,
				44EA5901C7A24048B44E7988 /* /Users/nan/src/mysql-ios/mysql/extra/zlib/inflate.c */,
				C3119E30CFC944AD89D7B791 /* /Users/nan/src/mysql-ios/mysql/extra/zlib/inftrees.c */,
				72B4CC37F8BE49A993DFBC99 /* /Users/nan/src/mysql-ios/mysql/extra/zlib/trees.c */,
				8A42D1C599A3444782BD65C0 /* /Users/nan/src/mysql-ios/mysql/extra/zlib/uncompr.c */,
				4AEAE697AFB84F5DBF5B9675 /* /Users/nan/src/mysql-ios/mysql/extra/zlib/zutil.c */,
			);
			name = "Source Files";
			sourceTree = "<group>";
		};
		B66C29F5475141DFAD9BF268 /* CMake Rules */ = {
			isa = PBXGroup;
			children = (
			);
			name = "CMake Rules";
			sourceTree = "<group>";
		};
		CBBBCB48EBCF4400A5F2EBAA /* zlib */ = {
			isa = PBXGroup;
			children = (
				7AC96F6F5E6B44A291170093 /* Source Files */,
				7667C2EBCF18450BAE81721B /* Header Files */,
				EFAF423E8EAC4BBD9082930D /* /Users/nan/src/mysql-ios/mysql/extra/zlib/CMakeLists.txt */,
			);
			name = zlib;
			sourceTree = "<group>";
		};
/* End PBXGroup section */

/* Begin PBXNativeTarget section */
		B10D6769AEBD4D94BB60435C /* zlib */ = {
			isa = PBXNativeTarget;
			buildConfigurationList = 244F6082E0A64640B4D0D3AD /* Build configuration list for PBXNativeTarget "zlib" */;
			buildPhases = (
				92003C0D276942F28D10392E /* Sources */,
				379C1E6F34E74376B30EFDD9 /* CMake PostBuild Rules */,
			);
			buildRules = (
			);
			dependencies = (
				F68D51F211634D919F375F6B /* PBXTargetDependency */,
			);
			name = zlib;
			productName = zlib;
			productReference = 5F22D816EE8248C288EA6A46 /* zlib */;
			productType = "com.apple.product-type.library.static";
		};
/* End PBXNativeTarget section */

/* Begin PBXProject section */
		AE41B741623441E49A1CC4C0 /* Project object */ = {
			isa = PBXProject;
			attributes = {
				BuildIndependentTargetsInParallel = YES;
				LastUpgradeCheck = 1000;
			};
			buildConfigurationList = 39103A2D45D54F12A523F3C6 /* Build configuration list for PBXProject "zlib" */;
			buildSettings = {
			};
			buildStyles = (
				CB6040C8ABB4478BB1597B45 /* Debug */,
				E84C5C6CF3EE439FABB2108D /* Release */,
				754A09AB892D4B94B445FF89 /* MinSizeRel */,
				83A364E607FD43129B689856 /* RelWithDebInfo */,
			);
			compatibilityVersion = "Xcode 3.2";
			hasScannedForEncodings = 0;
			mainGroup = 0FE08AFCD2D548AE9A32BB13;
			projectDirPath = "/Users/nan/src/mysql-ios/mysql/extra/zlib";
			projectRoot = "";
			targets = (
				87C038C410C34E9394FD9D15 /* ALL_BUILD */,
				058A01D9F4074D7D8985BCC5 /* RUN_TESTS */,
				60923786C9B5468F9097DC6F /* ZERO_CHECK */,
				C4F85BD133B84E23BDED8575 /* install */,
				204DE0D195C04140B585EFB3 /* package */,
				B10D6769AEBD4D94BB60435C /* zlib */,
			);
		};
/* End PBXProject section */

/* Begin PBXShellScriptBuildPhase section */
		007CA11885944631BB115177 = {
			isa = PBXShellScriptBuildPhase;
			buildActionMask = 2147483647;
			files = (
			);
			inputPaths = (
			);
			outputPaths = (
			);
			runOnlyForDeploymentPostprocessing = 0;
			shellPath = /bin/sh;
			shellScript = "# shell script goes here
exit 0";
			showEnvVarsInLog = 0;
		};
		19ABF591E0284BCF83939EFA = {
			isa = PBXShellScriptBuildPhase;
			buildActionMask = 2147483647;
			files = (
			);
			inputPaths = (
			);
			outputPaths = (
			);
			runOnlyForDeploymentPostprocessing = 0;
			shellPath = /bin/sh;
			shellScript = "# shell script goes here
exit 0";
			showEnvVarsInLog = 0;
		};
		1FD3C6A06A08409F89CB3CE5 /* CMake PostBuild Rules */ = {
			isa = PBXShellScriptBuildPhase;
			buildActionMask = 2147483647;
			files = (
			);
			name = "CMake PostBuild Rules";
			runOnlyForDeploymentPostprocessing = 0;
			shellPath = /bin/sh;
			shellScript = "make -C /Users/nan/src/mysql-ios/build_ios/extra/zlib -f /Users/nan/src/mysql-ios/build_ios/extra/zlib/CMakeScripts/RUN_TESTS_postBuildPhase.make$CONFIGURATION all";
			showEnvVarsInLog = 0;
		};
		379C1E6F34E74376B30EFDD9 /* CMake PostBuild Rules */ = {
			isa = PBXShellScriptBuildPhase;
			buildActionMask = 2147483647;
			files = (
			);
			name = "CMake PostBuild Rules";
			runOnlyForDeploymentPostprocessing = 0;
			shellPath = /bin/sh;
			shellScript = "make -C /Users/nan/src/mysql-ios/build_ios/extra/zlib -f /Users/nan/src/mysql-ios/build_ios/extra/zlib/CMakeScripts/zlib_postBuildPhase.make$CONFIGURATION all";
			showEnvVarsInLog = 0;
		};
		593E3F36E8F749869666636E /* CMake PostBuild Rules */ = {
			isa = PBXShellScriptBuildPhase;
			buildActionMask = 2147483647;
			files = (
			);
			name = "CMake PostBuild Rules";
			runOnlyForDeploymentPostprocessing = 0;
			shellPath = /bin/sh;
			shellScript = "make -C /Users/nan/src/mysql-ios/build_ios/extra/zlib -f /Users/nan/src/mysql-ios/build_ios/extra/zlib/CMakeScripts/package_postBuildPhase.make$CONFIGURATION all";
			showEnvVarsInLog = 0;
		};
		5D93258662894C3AA26EB788 /* CMake Rules */ = {
			isa = PBXShellScriptBuildPhase;
			buildActionMask = 2147483647;
			files = (
			);
			name = "CMake Rules";
			runOnlyForDeploymentPostprocessing = 0;
			shellPath = /bin/sh;
			shellScript = "make -C /Users/nan/src/mysql-ios/build_ios/extra/zlib -f /Users/nan/src/mysql-ios/build_ios/extra/zlib/CMakeScripts/ZERO_CHECK_cmakeRulesBuildPhase.make$CONFIGURATION all";
			showEnvVarsInLog = 0;
		};
		6FC993424DE44F74916A0BFE = {
			isa = PBXShellScriptBuildPhase;
			buildActionMask = 2147483647;
			files = (
			);
			inputPaths = (
			);
			outputPaths = (
			);
			runOnlyForDeploymentPostprocessing = 0;
			shellPath = /bin/sh;
			shellScript = "# shell script goes here
exit 0";
			showEnvVarsInLog = 0;
		};
		8F1B33AB8D4D4045B11CD771 /* CMake PostBuild Rules */ = {
			isa = PBXShellScriptBuildPhase;
			buildActionMask = 2147483647;
			files = (
			);
			name = "CMake PostBuild Rules";
			runOnlyForDeploymentPostprocessing = 0;
			shellPath = /bin/sh;
			shellScript = "make -C /Users/nan/src/mysql-ios/build_ios/extra/zlib -f /Users/nan/src/mysql-ios/build_ios/extra/zlib/CMakeScripts/install_postBuildPhase.make$CONFIGURATION all";
			showEnvVarsInLog = 0;
		};
		96478F6501FA4C1B844D2AFB = {
			isa = PBXShellScriptBuildPhase;
			buildActionMask = 2147483647;
			files = (
			);
			inputPaths = (
			);
			outputPaths = (
			);
			runOnlyForDeploymentPostprocessing = 0;
			shellPath = /bin/sh;
			shellScript = "# shell script goes here
exit 0";
			showEnvVarsInLog = 0;
		};
		B102105F22A54D5C81DD0833 /* CMake Rules */ = {
			isa = PBXShellScriptBuildPhase;
			buildActionMask = 2147483647;
			files = (
			);
			name = "CMake Rules";
			runOnlyForDeploymentPostprocessing = 0;
			shellPath = /bin/sh;
			shellScript = "make -C /Users/nan/src/mysql-ios/build_ios/extra/zlib -f /Users/nan/src/mysql-ios/build_ios/extra/zlib/CMakeScripts/ALL_BUILD_cmakeRulesBuildPhase.make$CONFIGURATION all";
			showEnvVarsInLog = 0;
		};
		F42DDCB215AF44A499BF4FD2 = {
			isa = PBXShellScriptBuildPhase;
			buildActionMask = 2147483647;
			files = (
			);
			inputPaths = (
			);
			outputPaths = (
			);
			runOnlyForDeploymentPostprocessing = 0;
			shellPath = /bin/sh;
			shellScript = "# shell script goes here
exit 0";
			showEnvVarsInLog = 0;
		};
/* End PBXShellScriptBuildPhase section */

/* Begin PBXSourcesBuildPhase section */
		92003C0D276942F28D10392E /* Sources */ = {
			isa = PBXSourcesBuildPhase;
			buildActionMask = 2147483647;
			files = (
				69A4BE570A0C44189F0453C2 /* /Users/nan/src/mysql-ios/mysql/extra/zlib/adler32.c */,
				096791F932A64AF39D30E840 /* /Users/nan/src/mysql-ios/mysql/extra/zlib/compress.c */,
				C0B43416E1544879825B8CF3 /* /Users/nan/src/mysql-ios/mysql/extra/zlib/crc32.c */,
				E43FE82DD1644764A7202241 /* /Users/nan/src/mysql-ios/mysql/extra/zlib/deflate.c */,
				C6AAF36626D14263ACCD9994 /* /Users/nan/src/mysql-ios/mysql/extra/zlib/gzclose.c */,
				D722E4760DC3459A979BDA0E /* /Users/nan/src/mysql-ios/mysql/extra/zlib/gzlib.c */,
				8361194A1640430693CDF7DF /* /Users/nan/src/mysql-ios/mysql/extra/zlib/gzread.c */,
				3DB59BED835449798C5E2928 /* /Users/nan/src/mysql-ios/mysql/extra/zlib/gzwrite.c */,
				B7D9EBE467904B99A01B7973 /* /Users/nan/src/mysql-ios/mysql/extra/zlib/infback.c */,
				FD1116494F78450A9A6C5E3F /* /Users/nan/src/mysql-ios/mysql/extra/zlib/inffast.c */,
				05B4459FD58243A8A14A186F /* /Users/nan/src/mysql-ios/mysql/extra/zlib/inflate.c */,
				5C2C3FE59410469EB5AABF4F /* /Users/nan/src/mysql-ios/mysql/extra/zlib/inftrees.c */,
				052DB76C6726419FA4D1ABCE /* /Users/nan/src/mysql-ios/mysql/extra/zlib/trees.c */,
				3BA09D02C42A41A5B0B18CC6 /* /Users/nan/src/mysql-ios/mysql/extra/zlib/uncompr.c */,
				8F4A275F8B0D418DB9998ACF /* /Users/nan/src/mysql-ios/mysql/extra/zlib/zutil.c */,
			);
			runOnlyForDeploymentPostprocessing = 0;
		};
/* End PBXSourcesBuildPhase section */

/* Begin PBXTargetDependency section */
		282BF1453B884DDAABD8EBBA /* PBXTargetDependency */ = {
			isa = PBXTargetDependency;
			target = 87C038C410C34E9394FD9D15 /* ALL_BUILD */;
			targetProxy = 34E453BEB3B642B893E1D055 /* PBXContainerItemProxy */;
		};
		B610BDF559B04F8D9E19FF8D /* PBXTargetDependency */ = {
			isa = PBXTargetDependency;
			target = B10D6769AEBD4D94BB60435C /* zlib */;
			targetProxy = 67F15AF2F9D34C8DB142E9D0 /* PBXContainerItemProxy */;
		};
		E7825756DCD84842A10789C4 /* PBXTargetDependency */ = {
			isa = PBXTargetDependency;
			target = 87C038C410C34E9394FD9D15 /* ALL_BUILD */;
			targetProxy = FE8ED92E9506459F91C55F0D /* PBXContainerItemProxy */;
		};
		F4F2F4A51CE542C48B14015D /* PBXTargetDependency */ = {
			isa = PBXTargetDependency;
			target = 60923786C9B5468F9097DC6F /* ZERO_CHECK */;
			targetProxy = 1C8B953A6BAD490481162234 /* PBXContainerItemProxy */;
		};
		F68D51F211634D919F375F6B /* PBXTargetDependency */ = {
			isa = PBXTargetDependency;
			target = 60923786C9B5468F9097DC6F /* ZERO_CHECK */;
			targetProxy = AF91377D17174FDB8224A196 /* PBXContainerItemProxy */;
		};
/* End PBXTargetDependency section */

/* Begin XCBuildConfiguration section */
		0672F9D4BED643069F4DF35D /* Release */ = {
			isa = XCBuildConfiguration;
			buildSettings = {
				COMBINE_HIDPI_IMAGES = YES;
				GCC_GENERATE_DEBUGGING_SYMBOLS = YES;
				GCC_INLINES_ARE_PRIVATE_EXTERN = NO;
				GCC_OPTIMIZATION_LEVEL = 0;
				GCC_PREPROCESSOR_DEFINITIONS = ("'CMAKE_INTDIR=\"$(CONFIGURATION)$(EFFECTIVE_PLATFORM_NAME)\"'");
				GCC_SYMBOLS_PRIVATE_EXTERN = NO;
				INSTALL_PATH = "";
				OTHER_LDFLAGS = " ";
				OTHER_REZFLAGS = "";
				PRODUCT_NAME = RUN_TESTS;
				SECTORDER_FLAGS = "";
				SYMROOT = "/Users/nan/src/mysql-ios/build_ios/extra/zlib";
				USE_HEADERMAP = NO;
				WARNING_CFLAGS = ("-Wmost","-Wno-four-char-constants","-Wno-unknown-pragmas","$(inherited)");
			};
			name = Release;
		};
		085BBD7D53474A04ADFB21BC /* RelWithDebInfo */ = {
			isa = XCBuildConfiguration;
			buildSettings = {
				COMBINE_HIDPI_IMAGES = YES;
				CONFIGURATION_BUILD_DIR = "/Users/nan/src/mysql-ios/build_ios/archive_output_directory/RelWithDebInfo";
				EXECUTABLE_PREFIX = lib;
				EXECUTABLE_SUFFIX = .a;
				GCC_GENERATE_DEBUGGING_SYMBOLS = YES;
				GCC_INLINES_ARE_PRIVATE_EXTERN = NO;
				GCC_OPTIMIZATION_LEVEL = 2;
				GCC_PREPROCESSOR_DEFINITIONS = ("'CMAKE_INTDIR=\"$(CONFIGURATION)$(EFFECTIVE_PLATFORM_NAME)\"'",HAVE_CONFIG_H,HAVE_OPENSSL,RAPIDJSON_NO_SIZETYPEDEFINE,__STDC_LIMIT_MACROS,__STDC_FORMAT_MACROS,_USE_MATH_DEFINES);
				GCC_SYMBOLS_PRIVATE_EXTERN = NO;
				HEADER_SEARCH_PATHS = ("/Users/nan/src/mysql-ios/build_ios","/Users/nan/src/mysql-ios/build_ios/include","/Users/nan/src/mysql-ios/mysql","/Users/nan/src/mysql-ios/mysql/include","/Users/nan/src/mysql-ios/build_ios/libbinlogevents/include","/Users/nan/src/mysql-ios/mysql/libbinlogevents/export");
				INSTALL_PATH = "";
				LIBRARY_STYLE = STATIC;
				OTHER_CFLAGS = "    -ffunction-sections -fdata-sections -fPIC    -fno-omit-frame-pointer  -DDBUG_OFF  ";
				OTHER_LIBTOOLFLAGS = " ";
				OTHER_REZFLAGS = "";
				PRODUCT_NAME = z;
				SECTORDER_FLAGS = "";
				SYMROOT = "/Users/nan/src/mysql-ios/build_ios/extra/zlib";
				SYSTEM_HEADER_SEARCH_PATHS = ("/Users/nan/src/mysql-ios/mysql/extra/zlib","/Users/nan/src/mysql-ios/build_ios/extra/zlib");
				USE_HEADERMAP = NO;
				WARNING_CFLAGS = ("-Wmost","-Wno-four-char-constants","-Wno-unknown-pragmas","$(inherited)");
			};
			name = RelWithDebInfo;
		};
		0B509B588B594F46A75E0DCA /* Debug */ = {
			isa = XCBuildConfiguration;
			buildSettings = {
				COMBINE_HIDPI_IMAGES = YES;
				CONFIGURATION_BUILD_DIR = "/Users/nan/src/mysql-ios/build_ios/archive_output_directory/Debug";
				EXECUTABLE_PREFIX = lib;
				EXECUTABLE_SUFFIX = .a;
				GCC_GENERATE_DEBUGGING_SYMBOLS = YES;
				GCC_INLINES_ARE_PRIVATE_EXTERN = NO;
				GCC_OPTIMIZATION_LEVEL = 0;
				GCC_PREPROCESSOR_DEFINITIONS = ("'CMAKE_INTDIR=\"$(CONFIGURATION)$(EFFECTIVE_PLATFORM_NAME)\"'",HAVE_CONFIG_H,HAVE_OPENSSL,RAPIDJSON_NO_SIZETYPEDEFINE,__STDC_LIMIT_MACROS,__STDC_FORMAT_MACROS,_USE_MATH_DEFINES);
				GCC_SYMBOLS_PRIVATE_EXTERN = NO;
				HEADER_SEARCH_PATHS = ("/Users/nan/src/mysql-ios/build_ios","/Users/nan/src/mysql-ios/build_ios/include","/Users/nan/src/mysql-ios/mysql","/Users/nan/src/mysql-ios/mysql/include","/Users/nan/src/mysql-ios/build_ios/libbinlogevents/include","/Users/nan/src/mysql-ios/mysql/libbinlogevents/export");
				INSTALL_PATH = "";
				LIBRARY_STYLE = STATIC;
				OTHER_CFLAGS = "-fPIC    -fno-omit-frame-pointer  -DENABLED_DEBUG_SYNC -DSAFE_MUTEX  ";
				OTHER_LIBTOOLFLAGS = " ";
				OTHER_REZFLAGS = "";
				PRODUCT_NAME = z;
				SECTORDER_FLAGS = "";
				SYMROOT = "/Users/nan/src/mysql-ios/build_ios/extra/zlib";
				SYSTEM_HEADER_SEARCH_PATHS = ("/Users/nan/src/mysql-ios/mysql/extra/zlib","/Users/nan/src/mysql-ios/build_ios/extra/zlib");
				USE_HEADERMAP = NO;
				WARNING_CFLAGS = ("-Wmost","-Wno-four-char-constants","-Wno-unknown-pragmas","$(inherited)");
			};
			name = Debug;
		};
		243D425907D64CAD9AC72102 /* Release */ = {
			isa = XCBuildConfiguration;
			buildSettings = {
				COMBINE_HIDPI_IMAGES = YES;
				GCC_GENERATE_DEBUGGING_SYMBOLS = YES;
				GCC_INLINES_ARE_PRIVATE_EXTERN = NO;
				GCC_OPTIMIZATION_LEVEL = 0;
				GCC_PREPROCESSOR_DEFINITIONS = ("'CMAKE_INTDIR=\"$(CONFIGURATION)$(EFFECTIVE_PLATFORM_NAME)\"'");
				GCC_SYMBOLS_PRIVATE_EXTERN = NO;
				INSTALL_PATH = "";
				OTHER_LDFLAGS = " ";
				OTHER_REZFLAGS = "";
				PRODUCT_NAME = ALL_BUILD;
				SECTORDER_FLAGS = "";
				SYMROOT = "/Users/nan/src/mysql-ios/build_ios/extra/zlib";
				USE_HEADERMAP = NO;
				WARNING_CFLAGS = ("-Wmost","-Wno-four-char-constants","-Wno-unknown-pragmas","$(inherited)");
			};
			name = Release;
		};
		3ABB6F6B06864A4EB283854D /* Debug */ = {
			isa = XCBuildConfiguration;
			buildSettings = {
				MACOSX_DEPLOYMENT_TARGET = 10.13;
				ONLY_ACTIVE_ARCH = YES;
				SDKROOT = "/Applications/Xcode-beta.app/Contents/Developer/Platforms/MacOSX.platform/Developer/SDKs/MacOSX10.14.sdk";
				SYMROOT = "/Users/nan/src/mysql-ios/build_ios/extra/zlib/build";
			};
			name = Debug;
		};
		45651F3033564369B84F3708 /* MinSizeRel */ = {
			isa = XCBuildConfiguration;
			buildSettings = {
				COMBINE_HIDPI_IMAGES = YES;
				GCC_GENERATE_DEBUGGING_SYMBOLS = YES;
				GCC_INLINES_ARE_PRIVATE_EXTERN = NO;
				GCC_OPTIMIZATION_LEVEL = 0;
				GCC_PREPROCESSOR_DEFINITIONS = ("'CMAKE_INTDIR=\"$(CONFIGURATION)$(EFFECTIVE_PLATFORM_NAME)\"'");
				GCC_SYMBOLS_PRIVATE_EXTERN = NO;
				INSTALL_PATH = "";
				OTHER_LDFLAGS = " ";
				OTHER_REZFLAGS = "";
				PRODUCT_NAME = install;
				SECTORDER_FLAGS = "";
				SYMROOT = "/Users/nan/src/mysql-ios/build_ios/extra/zlib";
				USE_HEADERMAP = NO;
				WARNING_CFLAGS = ("-Wmost","-Wno-four-char-constants","-Wno-unknown-pragmas","$(inherited)");
			};
			name = MinSizeRel;
		};
		4E0C8B99AC3C4735AF716107 /* MinSizeRel */ = {
			isa = XCBuildConfiguration;
			buildSettings = {
				COMBINE_HIDPI_IMAGES = YES;
				GCC_GENERATE_DEBUGGING_SYMBOLS = YES;
				GCC_INLINES_ARE_PRIVATE_EXTERN = NO;
				GCC_OPTIMIZATION_LEVEL = 0;
				GCC_PREPROCESSOR_DEFINITIONS = ("'CMAKE_INTDIR=\"$(CONFIGURATION)$(EFFECTIVE_PLATFORM_NAME)\"'");
				GCC_SYMBOLS_PRIVATE_EXTERN = NO;
				INSTALL_PATH = "";
				OTHER_LDFLAGS = " ";
				OTHER_REZFLAGS = "";
				PRODUCT_NAME = RUN_TESTS;
				SECTORDER_FLAGS = "";
				SYMROOT = "/Users/nan/src/mysql-ios/build_ios/extra/zlib";
				USE_HEADERMAP = NO;
				WARNING_CFLAGS = ("-Wmost","-Wno-four-char-constants","-Wno-unknown-pragmas","$(inherited)");
			};
			name = MinSizeRel;
		};
		4FB98AD350B441E3ACC50F00 /* RelWithDebInfo */ = {
			isa = XCBuildConfiguration;
			buildSettings = {
				COMBINE_HIDPI_IMAGES = YES;
				GCC_GENERATE_DEBUGGING_SYMBOLS = YES;
				GCC_INLINES_ARE_PRIVATE_EXTERN = NO;
				GCC_OPTIMIZATION_LEVEL = 0;
				GCC_PREPROCESSOR_DEFINITIONS = ("'CMAKE_INTDIR=\"$(CONFIGURATION)$(EFFECTIVE_PLATFORM_NAME)\"'");
				GCC_SYMBOLS_PRIVATE_EXTERN = NO;
				INSTALL_PATH = "";
				OTHER_LDFLAGS = " ";
				OTHER_REZFLAGS = "";
				PRODUCT_NAME = package;
				SECTORDER_FLAGS = "";
				SYMROOT = "/Users/nan/src/mysql-ios/build_ios/extra/zlib";
				USE_HEADERMAP = NO;
				WARNING_CFLAGS = ("-Wmost","-Wno-four-char-constants","-Wno-unknown-pragmas","$(inherited)");
			};
			name = RelWithDebInfo;
		};
		53D0EB238D60419B802BD8E1 /* Release */ = {
			isa = XCBuildConfiguration;
			buildSettings = {
				COMBINE_HIDPI_IMAGES = YES;
				GCC_GENERATE_DEBUGGING_SYMBOLS = YES;
				GCC_INLINES_ARE_PRIVATE_EXTERN = NO;
				GCC_OPTIMIZATION_LEVEL = 0;
				GCC_PREPROCESSOR_DEFINITIONS = ("'CMAKE_INTDIR=\"$(CONFIGURATION)$(EFFECTIVE_PLATFORM_NAME)\"'");
				GCC_SYMBOLS_PRIVATE_EXTERN = NO;
				INSTALL_PATH = "";
				OTHER_LDFLAGS = " ";
				OTHER_REZFLAGS = "";
				PRODUCT_NAME = ZERO_CHECK;
				SECTORDER_FLAGS = "";
				SYMROOT = "/Users/nan/src/mysql-ios/build_ios/extra/zlib";
				USE_HEADERMAP = NO;
				WARNING_CFLAGS = ("-Wmost","-Wno-four-char-constants","-Wno-unknown-pragmas","$(inherited)");
			};
			name = Release;
		};
		547C0D28679648688D77D3C8 /* MinSizeRel */ = {
			isa = XCBuildConfiguration;
			buildSettings = {
				COMBINE_HIDPI_IMAGES = YES;
				GCC_GENERATE_DEBUGGING_SYMBOLS = YES;
				GCC_INLINES_ARE_PRIVATE_EXTERN = NO;
				GCC_OPTIMIZATION_LEVEL = 0;
				GCC_PREPROCESSOR_DEFINITIONS = ("'CMAKE_INTDIR=\"$(CONFIGURATION)$(EFFECTIVE_PLATFORM_NAME)\"'");
				GCC_SYMBOLS_PRIVATE_EXTERN = NO;
				INSTALL_PATH = "";
				OTHER_LDFLAGS = " ";
				OTHER_REZFLAGS = "";
				PRODUCT_NAME = ZERO_CHECK;
				SECTORDER_FLAGS = "";
				SYMROOT = "/Users/nan/src/mysql-ios/build_ios/extra/zlib";
				USE_HEADERMAP = NO;
				WARNING_CFLAGS = ("-Wmost","-Wno-four-char-constants","-Wno-unknown-pragmas","$(inherited)");
			};
			name = MinSizeRel;
		};
		57668523644C461BB589274F /* Debug */ = {
			isa = XCBuildConfiguration;
			buildSettings = {
				COMBINE_HIDPI_IMAGES = YES;
				GCC_GENERATE_DEBUGGING_SYMBOLS = YES;
				GCC_INLINES_ARE_PRIVATE_EXTERN = NO;
				GCC_OPTIMIZATION_LEVEL = 0;
				GCC_PREPROCESSOR_DEFINITIONS = ("'CMAKE_INTDIR=\"$(CONFIGURATION)$(EFFECTIVE_PLATFORM_NAME)\"'");
				GCC_SYMBOLS_PRIVATE_EXTERN = NO;
				INSTALL_PATH = "";
				OTHER_LDFLAGS = " ";
				OTHER_REZFLAGS = "";
				PRODUCT_NAME = ALL_BUILD;
				SECTORDER_FLAGS = "";
				SYMROOT = "/Users/nan/src/mysql-ios/build_ios/extra/zlib";
				USE_HEADERMAP = NO;
				WARNING_CFLAGS = ("-Wmost","-Wno-four-char-constants","-Wno-unknown-pragmas","$(inherited)");
			};
			name = Debug;
		};
		67F356274D004797A6C64016 /* Release */ = {
			isa = XCBuildConfiguration;
			buildSettings = {
				MACOSX_DEPLOYMENT_TARGET = 10.13;
				ONLY_ACTIVE_ARCH = YES;
				SDKROOT = "/Applications/Xcode-beta.app/Contents/Developer/Platforms/MacOSX.platform/Developer/SDKs/MacOSX10.14.sdk";
				SYMROOT = "/Users/nan/src/mysql-ios/build_ios/extra/zlib/build";
			};
			name = Release;
		};
		6AAFB0CF0E4C4B2582836EFD /* MinSizeRel */ = {
			isa = XCBuildConfiguration;
			buildSettings = {
				MACOSX_DEPLOYMENT_TARGET = 10.13;
				ONLY_ACTIVE_ARCH = YES;
				SDKROOT = "/Applications/Xcode-beta.app/Contents/Developer/Platforms/MacOSX.platform/Developer/SDKs/MacOSX10.14.sdk";
				SYMROOT = "/Users/nan/src/mysql-ios/build_ios/extra/zlib/build";
			};
			name = MinSizeRel;
		};
		81F5435010D94F4A8B37B7E7 /* MinSizeRel */ = {
			isa = XCBuildConfiguration;
			buildSettings = {
				COMBINE_HIDPI_IMAGES = YES;
				GCC_GENERATE_DEBUGGING_SYMBOLS = YES;
				GCC_INLINES_ARE_PRIVATE_EXTERN = NO;
				GCC_OPTIMIZATION_LEVEL = 0;
				GCC_PREPROCESSOR_DEFINITIONS = ("'CMAKE_INTDIR=\"$(CONFIGURATION)$(EFFECTIVE_PLATFORM_NAME)\"'");
				GCC_SYMBOLS_PRIVATE_EXTERN = NO;
				INSTALL_PATH = "";
				OTHER_LDFLAGS = " ";
				OTHER_REZFLAGS = "";
				PRODUCT_NAME = package;
				SECTORDER_FLAGS = "";
				SYMROOT = "/Users/nan/src/mysql-ios/build_ios/extra/zlib";
				USE_HEADERMAP = NO;
				WARNING_CFLAGS = ("-Wmost","-Wno-four-char-constants","-Wno-unknown-pragmas","$(inherited)");
			};
			name = MinSizeRel;
		};
		852B0BE6D4644F45B1E9F760 /* RelWithDebInfo */ = {
			isa = XCBuildConfiguration;
			buildSettings = {
				COMBINE_HIDPI_IMAGES = YES;
				GCC_GENERATE_DEBUGGING_SYMBOLS = YES;
				GCC_INLINES_ARE_PRIVATE_EXTERN = NO;
				GCC_OPTIMIZATION_LEVEL = 0;
				GCC_PREPROCESSOR_DEFINITIONS = ("'CMAKE_INTDIR=\"$(CONFIGURATION)$(EFFECTIVE_PLATFORM_NAME)\"'");
				GCC_SYMBOLS_PRIVATE_EXTERN = NO;
				INSTALL_PATH = "";
				OTHER_LDFLAGS = " ";
				OTHER_REZFLAGS = "";
				PRODUCT_NAME = ALL_BUILD;
				SECTORDER_FLAGS = "";
				SYMROOT = "/Users/nan/src/mysql-ios/build_ios/extra/zlib";
				USE_HEADERMAP = NO;
				WARNING_CFLAGS = ("-Wmost","-Wno-four-char-constants","-Wno-unknown-pragmas","$(inherited)");
			};
			name = RelWithDebInfo;
		};
		8F9DD0620FAC4C989DF2D151 /* Debug */ = {
			isa = XCBuildConfiguration;
			buildSettings = {
				COMBINE_HIDPI_IMAGES = YES;
				GCC_GENERATE_DEBUGGING_SYMBOLS = YES;
				GCC_INLINES_ARE_PRIVATE_EXTERN = NO;
				GCC_OPTIMIZATION_LEVEL = 0;
				GCC_PREPROCESSOR_DEFINITIONS = ("'CMAKE_INTDIR=\"$(CONFIGURATION)$(EFFECTIVE_PLATFORM_NAME)\"'");
				GCC_SYMBOLS_PRIVATE_EXTERN = NO;
				INSTALL_PATH = "";
				OTHER_LDFLAGS = " ";
				OTHER_REZFLAGS = "";
				PRODUCT_NAME = install;
				SECTORDER_FLAGS = "";
				SYMROOT = "/Users/nan/src/mysql-ios/build_ios/extra/zlib";
				USE_HEADERMAP = NO;
				WARNING_CFLAGS = ("-Wmost","-Wno-four-char-constants","-Wno-unknown-pragmas","$(inherited)");
			};
			name = Debug;
		};
		9352272BCD3044C4A881477C /* MinSizeRel */ = {
			isa = XCBuildConfiguration;
			buildSettings = {
				COMBINE_HIDPI_IMAGES = YES;
				CONFIGURATION_BUILD_DIR = "/Users/nan/src/mysql-ios/build_ios/archive_output_directory/MinSizeRel";
				EXECUTABLE_PREFIX = lib;
				EXECUTABLE_SUFFIX = .a;
				GCC_GENERATE_DEBUGGING_SYMBOLS = NO;
				GCC_INLINES_ARE_PRIVATE_EXTERN = NO;
				GCC_OPTIMIZATION_LEVEL = s;
				GCC_PREPROCESSOR_DEFINITIONS = ("'CMAKE_INTDIR=\"$(CONFIGURATION)$(EFFECTIVE_PLATFORM_NAME)\"'",HAVE_CONFIG_H,HAVE_OPENSSL,RAPIDJSON_NO_SIZETYPEDEFINE,__STDC_LIMIT_MACROS,__STDC_FORMAT_MACROS,_USE_MATH_DEFINES);
				GCC_SYMBOLS_PRIVATE_EXTERN = NO;
				HEADER_SEARCH_PATHS = ("/Users/nan/src/mysql-ios/build_ios","/Users/nan/src/mysql-ios/build_ios/include","/Users/nan/src/mysql-ios/mysql","/Users/nan/src/mysql-ios/mysql/include","/Users/nan/src/mysql-ios/build_ios/libbinlogevents/include","/Users/nan/src/mysql-ios/mysql/libbinlogevents/export");
				INSTALL_PATH = "";
				LIBRARY_STYLE = STATIC;
				OTHER_CFLAGS = "    -DNDEBUG -DDBUG_OFF  ";
				OTHER_LIBTOOLFLAGS = " ";
				OTHER_REZFLAGS = "";
				PRODUCT_NAME = z;
				SECTORDER_FLAGS = "";
				SYMROOT = "/Users/nan/src/mysql-ios/build_ios/extra/zlib";
				SYSTEM_HEADER_SEARCH_PATHS = ("/Users/nan/src/mysql-ios/mysql/extra/zlib","/Users/nan/src/mysql-ios/build_ios/extra/zlib");
				USE_HEADERMAP = NO;
				WARNING_CFLAGS = ("-Wmost","-Wno-four-char-constants","-Wno-unknown-pragmas","$(inherited)");
			};
			name = MinSizeRel;
		};
		978F248FB8B040718A8AC935 /* RelWithDebInfo */ = {
			isa = XCBuildConfiguration;
			buildSettings = {
				COMBINE_HIDPI_IMAGES = YES;
				GCC_GENERATE_DEBUGGING_SYMBOLS = YES;
				GCC_INLINES_ARE_PRIVATE_EXTERN = NO;
				GCC_OPTIMIZATION_LEVEL = 0;
				GCC_PREPROCESSOR_DEFINITIONS = ("'CMAKE_INTDIR=\"$(CONFIGURATION)$(EFFECTIVE_PLATFORM_NAME)\"'");
				GCC_SYMBOLS_PRIVATE_EXTERN = NO;
				INSTALL_PATH = "";
				OTHER_LDFLAGS = " ";
				OTHER_REZFLAGS = "";
				PRODUCT_NAME = RUN_TESTS;
				SECTORDER_FLAGS = "";
				SYMROOT = "/Users/nan/src/mysql-ios/build_ios/extra/zlib";
				USE_HEADERMAP = NO;
				WARNING_CFLAGS = ("-Wmost","-Wno-four-char-constants","-Wno-unknown-pragmas","$(inherited)");
			};
			name = RelWithDebInfo;
		};
		A543DD904EEB4A0A83B8145E /* Debug */ = {
			isa = XCBuildConfiguration;
			buildSettings = {
				COMBINE_HIDPI_IMAGES = YES;
				GCC_GENERATE_DEBUGGING_SYMBOLS = YES;
				GCC_INLINES_ARE_PRIVATE_EXTERN = NO;
				GCC_OPTIMIZATION_LEVEL = 0;
				GCC_PREPROCESSOR_DEFINITIONS = ("'CMAKE_INTDIR=\"$(CONFIGURATION)$(EFFECTIVE_PLATFORM_NAME)\"'");
				GCC_SYMBOLS_PRIVATE_EXTERN = NO;
				INSTALL_PATH = "";
				OTHER_LDFLAGS = " ";
				OTHER_REZFLAGS = "";
				PRODUCT_NAME = package;
				SECTORDER_FLAGS = "";
				SYMROOT = "/Users/nan/src/mysql-ios/build_ios/extra/zlib";
				USE_HEADERMAP = NO;
				WARNING_CFLAGS = ("-Wmost","-Wno-four-char-constants","-Wno-unknown-pragmas","$(inherited)");
			};
			name = Debug;
		};
		A6B50CE11373498E8F012DC5 /* Release */ = {
			isa = XCBuildConfiguration;
			buildSettings = {
				COMBINE_HIDPI_IMAGES = YES;
				CONFIGURATION_BUILD_DIR = "/Users/nan/src/mysql-ios/build_ios/archive_output_directory/Release";
				EXECUTABLE_PREFIX = lib;
				EXECUTABLE_SUFFIX = .a;
				GCC_GENERATE_DEBUGGING_SYMBOLS = NO;
				GCC_INLINES_ARE_PRIVATE_EXTERN = NO;
				GCC_OPTIMIZATION_LEVEL = 3;
				GCC_PREPROCESSOR_DEFINITIONS = ("'CMAKE_INTDIR=\"$(CONFIGURATION)$(EFFECTIVE_PLATFORM_NAME)\"'",HAVE_CONFIG_H,HAVE_OPENSSL,RAPIDJSON_NO_SIZETYPEDEFINE,__STDC_LIMIT_MACROS,__STDC_FORMAT_MACROS,_USE_MATH_DEFINES);
				GCC_SYMBOLS_PRIVATE_EXTERN = NO;
				HEADER_SEARCH_PATHS = ("/Users/nan/src/mysql-ios/build_ios","/Users/nan/src/mysql-ios/build_ios/include","/Users/nan/src/mysql-ios/mysql","/Users/nan/src/mysql-ios/mysql/include","/Users/nan/src/mysql-ios/build_ios/libbinlogevents/include","/Users/nan/src/mysql-ios/mysql/libbinlogevents/export");
				INSTALL_PATH = "";
				LIBRARY_STYLE = STATIC;
				OTHER_CFLAGS = "    -DNDEBUG  -DDBUG_OFF  ";
				OTHER_LIBTOOLFLAGS = " ";
				OTHER_REZFLAGS = "";
				PRODUCT_NAME = z;
				SECTORDER_FLAGS = "";
				SYMROOT = "/Users/nan/src/mysql-ios/build_ios/extra/zlib";
				SYSTEM_HEADER_SEARCH_PATHS = ("/Users/nan/src/mysql-ios/mysql/extra/zlib","/Users/nan/src/mysql-ios/build_ios/extra/zlib");
				USE_HEADERMAP = NO;
				WARNING_CFLAGS = ("-Wmost","-Wno-four-char-constants","-Wno-unknown-pragmas","$(inherited)");
			};
			name = Release;
		};
		AE2BD12E9D0E4C60ABE7D7D5 /* Release */ = {
			isa = XCBuildConfiguration;
			buildSettings = {
				COMBINE_HIDPI_IMAGES = YES;
				GCC_GENERATE_DEBUGGING_SYMBOLS = YES;
				GCC_INLINES_ARE_PRIVATE_EXTERN = NO;
				GCC_OPTIMIZATION_LEVEL = 0;
				GCC_PREPROCESSOR_DEFINITIONS = ("'CMAKE_INTDIR=\"$(CONFIGURATION)$(EFFECTIVE_PLATFORM_NAME)\"'");
				GCC_SYMBOLS_PRIVATE_EXTERN = NO;
				INSTALL_PATH = "";
				OTHER_LDFLAGS = " ";
				OTHER_REZFLAGS = "";
				PRODUCT_NAME = package;
				SECTORDER_FLAGS = "";
				SYMROOT = "/Users/nan/src/mysql-ios/build_ios/extra/zlib";
				USE_HEADERMAP = NO;
				WARNING_CFLAGS = ("-Wmost","-Wno-four-char-constants","-Wno-unknown-pragmas","$(inherited)");
			};
			name = Release;
		};
		AE9F72E45814456D9CD0DF79 /* Debug */ = {
			isa = XCBuildConfiguration;
			buildSettings = {
				COMBINE_HIDPI_IMAGES = YES;
				GCC_GENERATE_DEBUGGING_SYMBOLS = YES;
				GCC_INLINES_ARE_PRIVATE_EXTERN = NO;
				GCC_OPTIMIZATION_LEVEL = 0;
				GCC_PREPROCESSOR_DEFINITIONS = ("'CMAKE_INTDIR=\"$(CONFIGURATION)$(EFFECTIVE_PLATFORM_NAME)\"'");
				GCC_SYMBOLS_PRIVATE_EXTERN = NO;
				INSTALL_PATH = "";
				OTHER_LDFLAGS = " ";
				OTHER_REZFLAGS = "";
				PRODUCT_NAME = RUN_TESTS;
				SECTORDER_FLAGS = "";
				SYMROOT = "/Users/nan/src/mysql-ios/build_ios/extra/zlib";
				USE_HEADERMAP = NO;
				WARNING_CFLAGS = ("-Wmost","-Wno-four-char-constants","-Wno-unknown-pragmas","$(inherited)");
			};
			name = Debug;
		};
		BE10F6F8981C4850BB1ADADE /* MinSizeRel */ = {
			isa = XCBuildConfiguration;
			buildSettings = {
				COMBINE_HIDPI_IMAGES = YES;
				GCC_GENERATE_DEBUGGING_SYMBOLS = YES;
				GCC_INLINES_ARE_PRIVATE_EXTERN = NO;
				GCC_OPTIMIZATION_LEVEL = 0;
				GCC_PREPROCESSOR_DEFINITIONS = ("'CMAKE_INTDIR=\"$(CONFIGURATION)$(EFFECTIVE_PLATFORM_NAME)\"'");
				GCC_SYMBOLS_PRIVATE_EXTERN = NO;
				INSTALL_PATH = "";
				OTHER_LDFLAGS = " ";
				OTHER_REZFLAGS = "";
				PRODUCT_NAME = ALL_BUILD;
				SECTORDER_FLAGS = "";
				SYMROOT = "/Users/nan/src/mysql-ios/build_ios/extra/zlib";
				USE_HEADERMAP = NO;
				WARNING_CFLAGS = ("-Wmost","-Wno-four-char-constants","-Wno-unknown-pragmas","$(inherited)");
			};
			name = MinSizeRel;
		};
		C3615BA66FA84008852B5A24 /* RelWithDebInfo */ = {
			isa = XCBuildConfiguration;
			buildSettings = {
				MACOSX_DEPLOYMENT_TARGET = 10.13;
				ONLY_ACTIVE_ARCH = YES;
				SDKROOT = "/Applications/Xcode-beta.app/Contents/Developer/Platforms/MacOSX.platform/Developer/SDKs/MacOSX10.14.sdk";
				SYMROOT = "/Users/nan/src/mysql-ios/build_ios/extra/zlib/build";
			};
			name = RelWithDebInfo;
		};
		CA1EFB65912D459292892CF8 /* RelWithDebInfo */ = {
			isa = XCBuildConfiguration;
			buildSettings = {
				COMBINE_HIDPI_IMAGES = YES;
				GCC_GENERATE_DEBUGGING_SYMBOLS = YES;
				GCC_INLINES_ARE_PRIVATE_EXTERN = NO;
				GCC_OPTIMIZATION_LEVEL = 0;
				GCC_PREPROCESSOR_DEFINITIONS = ("'CMAKE_INTDIR=\"$(CONFIGURATION)$(EFFECTIVE_PLATFORM_NAME)\"'");
				GCC_SYMBOLS_PRIVATE_EXTERN = NO;
				INSTALL_PATH = "";
				OTHER_LDFLAGS = " ";
				OTHER_REZFLAGS = "";
				PRODUCT_NAME = install;
				SECTORDER_FLAGS = "";
				SYMROOT = "/Users/nan/src/mysql-ios/build_ios/extra/zlib";
				USE_HEADERMAP = NO;
				WARNING_CFLAGS = ("-Wmost","-Wno-four-char-constants","-Wno-unknown-pragmas","$(inherited)");
			};
			name = RelWithDebInfo;
		};
		CD6213F39A5A40A2B68997C6 /* Release */ = {
			isa = XCBuildConfiguration;
			buildSettings = {
				COMBINE_HIDPI_IMAGES = YES;
				GCC_GENERATE_DEBUGGING_SYMBOLS = YES;
				GCC_INLINES_ARE_PRIVATE_EXTERN = NO;
				GCC_OPTIMIZATION_LEVEL = 0;
				GCC_PREPROCESSOR_DEFINITIONS = ("'CMAKE_INTDIR=\"$(CONFIGURATION)$(EFFECTIVE_PLATFORM_NAME)\"'");
				GCC_SYMBOLS_PRIVATE_EXTERN = NO;
				INSTALL_PATH = "";
				OTHER_LDFLAGS = " ";
				OTHER_REZFLAGS = "";
				PRODUCT_NAME = install;
				SECTORDER_FLAGS = "";
				SYMROOT = "/Users/nan/src/mysql-ios/build_ios/extra/zlib";
				USE_HEADERMAP = NO;
				WARNING_CFLAGS = ("-Wmost","-Wno-four-char-constants","-Wno-unknown-pragmas","$(inherited)");
			};
			name = Release;
		};
		E031F6EB6E934D7A9BD67FDD /* Debug */ = {
			isa = XCBuildConfiguration;
			buildSettings = {
				COMBINE_HIDPI_IMAGES = YES;
				GCC_GENERATE_DEBUGGING_SYMBOLS = YES;
				GCC_INLINES_ARE_PRIVATE_EXTERN = NO;
				GCC_OPTIMIZATION_LEVEL = 0;
				GCC_PREPROCESSOR_DEFINITIONS = ("'CMAKE_INTDIR=\"$(CONFIGURATION)$(EFFECTIVE_PLATFORM_NAME)\"'");
				GCC_SYMBOLS_PRIVATE_EXTERN = NO;
				INSTALL_PATH = "";
				OTHER_LDFLAGS = " ";
				OTHER_REZFLAGS = "";
				PRODUCT_NAME = ZERO_CHECK;
				SECTORDER_FLAGS = "";
				SYMROOT = "/Users/nan/src/mysql-ios/build_ios/extra/zlib";
				USE_HEADERMAP = NO;
				WARNING_CFLAGS = ("-Wmost","-Wno-four-char-constants","-Wno-unknown-pragmas","$(inherited)");
			};
			name = Debug;
		};
		E6C791E56BBB441FB8F89A69 /* RelWithDebInfo */ = {
			isa = XCBuildConfiguration;
			buildSettings = {
				COMBINE_HIDPI_IMAGES = YES;
				GCC_GENERATE_DEBUGGING_SYMBOLS = YES;
				GCC_INLINES_ARE_PRIVATE_EXTERN = NO;
				GCC_OPTIMIZATION_LEVEL = 0;
				GCC_PREPROCESSOR_DEFINITIONS = ("'CMAKE_INTDIR=\"$(CONFIGURATION)$(EFFECTIVE_PLATFORM_NAME)\"'");
				GCC_SYMBOLS_PRIVATE_EXTERN = NO;
				INSTALL_PATH = "";
				OTHER_LDFLAGS = " ";
				OTHER_REZFLAGS = "";
				PRODUCT_NAME = ZERO_CHECK;
				SECTORDER_FLAGS = "";
				SYMROOT = "/Users/nan/src/mysql-ios/build_ios/extra/zlib";
				USE_HEADERMAP = NO;
				WARNING_CFLAGS = ("-Wmost","-Wno-four-char-constants","-Wno-unknown-pragmas","$(inherited)");
			};
			name = RelWithDebInfo;
		};
/* End XCBuildConfiguration section */

/* Begin XCConfigurationList section */
		0BAABF82B7254D1DB3C78041 /* Build configuration list for PBXAggregateTarget "RUN_TESTS" */ = {
			isa = XCConfigurationList;
			buildConfigurations = (
				AE9F72E45814456D9CD0DF79 /* Debug */,
				0672F9D4BED643069F4DF35D /* Release */,
				4E0C8B99AC3C4735AF716107 /* MinSizeRel */,
				978F248FB8B040718A8AC935 /* RelWithDebInfo */,
			);
			defaultConfigurationIsVisible = 0;
			defaultConfigurationName = Debug;
		};
		244F6082E0A64640B4D0D3AD /* Build configuration list for PBXNativeTarget "zlib" */ = {
			isa = XCConfigurationList;
			buildConfigurations = (
				0B509B588B594F46A75E0DCA /* Debug */,
				A6B50CE11373498E8F012DC5 /* Release */,
				9352272BCD3044C4A881477C /* MinSizeRel */,
				085BBD7D53474A04ADFB21BC /* RelWithDebInfo */,
			);
			defaultConfigurationIsVisible = 0;
			defaultConfigurationName = Debug;
		};
		39103A2D45D54F12A523F3C6 /* Build configuration list for PBXProject "zlib" */ = {
			isa = XCConfigurationList;
			buildConfigurations = (
				3ABB6F6B06864A4EB283854D /* Debug */,
				67F356274D004797A6C64016 /* Release */,
				6AAFB0CF0E4C4B2582836EFD /* MinSizeRel */,
				C3615BA66FA84008852B5A24 /* RelWithDebInfo */,
			);
			defaultConfigurationIsVisible = 0;
			defaultConfigurationName = Debug;
		};
		9A4F043B2EDC4C25AF8B57D6 /* Build configuration list for PBXAggregateTarget "package" */ = {
			isa = XCConfigurationList;
			buildConfigurations = (
				A543DD904EEB4A0A83B8145E /* Debug */,
				AE2BD12E9D0E4C60ABE7D7D5 /* Release */,
				81F5435010D94F4A8B37B7E7 /* MinSizeRel */,
				4FB98AD350B441E3ACC50F00 /* RelWithDebInfo */,
			);
			defaultConfigurationIsVisible = 0;
			defaultConfigurationName = Debug;
		};
		9B7DE20919C64FE683435DD1 /* Build configuration list for PBXAggregateTarget "install" */ = {
			isa = XCConfigurationList;
			buildConfigurations = (
				8F9DD0620FAC4C989DF2D151 /* Debug */,
				CD6213F39A5A40A2B68997C6 /* Release */,
				45651F3033564369B84F3708 /* MinSizeRel */,
				CA1EFB65912D459292892CF8 /* RelWithDebInfo */,
			);
			defaultConfigurationIsVisible = 0;
			defaultConfigurationName = Debug;
		};
		CE2CF2786CDA4DCBA6D47497 /* Build configuration list for PBXAggregateTarget "ALL_BUILD" */ = {
			isa = XCConfigurationList;
			buildConfigurations = (
				57668523644C461BB589274F /* Debug */,
				243D425907D64CAD9AC72102 /* Release */,
				BE10F6F8981C4850BB1ADADE /* MinSizeRel */,
				852B0BE6D4644F45B1E9F760 /* RelWithDebInfo */,
			);
			defaultConfigurationIsVisible = 0;
			defaultConfigurationName = Debug;
		};
		D4F18DF4A49F4C7CB6818750 /* Build configuration list for PBXAggregateTarget "ZERO_CHECK" */ = {
			isa = XCConfigurationList;
			buildConfigurations = (
				E031F6EB6E934D7A9BD67FDD /* Debug */,
				53D0EB238D60419B802BD8E1 /* Release */,
				547C0D28679648688D77D3C8 /* MinSizeRel */,
				E6C791E56BBB441FB8F89A69 /* RelWithDebInfo */,
			);
			defaultConfigurationIsVisible = 0;
			defaultConfigurationName = Debug;
		};
/* End XCConfigurationList section */
	};
	rootObject = AE41B741623441E49A1CC4C0 /* Project object */;
}
